{
  "object": {
    "pins": [
      {
        "package": "combine-schedulers",
        "repositoryURL": "https://github.com/pointfreeco/combine-schedulers",
        "state": {
          "branch": null,
          "revision": "4cf088c29a20f52be0f2ca54992b492c54e0076b",
          "version": "0.5.3"
        }
      },
      {
        "package": "RenaudJennyAboutView",
        "repositoryURL": "https://github.com/renaudjenny/RenaudJennyAboutView",
        "state": {
          "branch": null,
          "revision": "88b458bdb1cfed265a025f7d257d4fad4d5a5b24",
          "version": "1.1.0"
        }
      },
      {
        "package": "swift-case-paths",
        "repositoryURL": "https://github.com/pointfreeco/swift-case-paths",
        "state": {
          "branch": null,
          "revision": "d226d167bd4a68b51e352af5655c92bce8ee0463",
          "version": "0.7.0"
        }
      },
      {
        "package": "swift-collections",
        "repositoryURL": "https://github.com/apple/swift-collections",
        "state": {
          "branch": null,
          "revision": "2d33a0ea89c961dcb2b3da2157963d9c0370347e",
          "version": "1.0.1"
        }
      },
      {
        "package": "swift-composable-architecture",
        "repositoryURL": "https://github.com/pointfreeco/swift-composable-architecture",
        "state": {
          "branch": null,
          "revision": "599a2398adaaa7a4e3f5420cde7728c39e33677e",
          "version": "0.28.1"
        }
      },
      {
        "package": "swift-custom-dump",
        "repositoryURL": "https://github.com/pointfreeco/swift-custom-dump",
        "state": {
          "branch": null,
          "revision": "c2dd2c64b753dda592f5619303e02f741cd3e862",
          "version": "0.2.0"
        }
      },
      {
        "package": "swift-identified-collections",
        "repositoryURL": "https://github.com/pointfreeco/swift-identified-collections",
        "state": {
          "branch": null,
          "revision": "c8e6a40209650ab619853cd4ce89a0aa51792754",
          "version": "0.3.0"
        }
      },
      {
        "package": "SnapshotTesting",
        "repositoryURL": "https://github.com/pointfreeco/swift-snapshot-testing.git",
        "state": {
          "branch": null,
          "revision": "c466812aa2e22898f27557e2e780d3aad7a27203",
          "version": "1.8.2"
        }
      },
      {
        "package": "SwiftClockUI",
        "repositoryURL": "https://github.com/renaudjenny/SwiftClockUI",
        "state": {
          "branch": null,
          "revision": "7abdd35113416cbf1b8baa60aa05fd5bdd1250ef",
          "version": "1.4.0"
        }
      },
      {
        "package": "SwiftPastTen",
        "repositoryURL": "https://github.com/renaudjenny/SwiftPastTen",
        "state": {
          "branch": null,
          "revision": "01af0a4c8bc79ab87843cd3877e391ac1fd049af",
          "version": "1.0.1"
        }
      },
      {
        "package": "SwiftRegex",
        "repositoryURL": "https://github.com/johnno1962/SwiftRegex5",
        "state": {
          "branch": null,
          "revision": "bc9b22e4b4521075057ae98826def52cea5226f0",
          "version": "5.2.1"
        }
      },
      {
        "package": "SwiftSpeechCombine",
        "repositoryURL": "https://github.com/renaudjenny/SwiftSpeechCombine",
        "state": {
          "branch": null,
          "revision": "2254845633f6f3bbf0a5bce58221c6f89e1651e1",
          "version": "0.0.1"
        }
      },
      {
        "package": "SwiftToTen",
        "repositoryURL": "https://github.com/renaudjenny/SwiftToTen",
        "state": {
          "branch": null,
          "revision": "18d8694594b06aee67b0889f0bd9eaaaf16a6d27",
          "version": "1.1.0"
        }
      },
      {
        "package": "SwiftTTSCombine",
        "repositoryURL": "https://github.com/renaudjenny/SwiftTTSCombine",
        "state": {
          "branch": null,
          "revision": "f72c4ed9f8796643806c150e9aa6df6cfeb7783a",
          "version": "1.0.0"
        }
      },
      {
        "package": "xctest-dynamic-overlay",
        "repositoryURL": "https://github.com/pointfreeco/xctest-dynamic-overlay",
        "state": {
          "branch": null,
          "revision": "50a70a9d3583fe228ce672e8923010c8df2deddd",
          "version": "0.2.1"
        }
      }
    ]
  },
  "version": 1
}
