// !$*UTF8*$!
{
	archiveVersion = 1;
	classes = {
	};
	objectVersion = 52;
	objects = {

/* Begin PBXBuildFile section */
		4C03BC8223550A0C00442B11 /* ConfigurationView.swift in Sources */ = {isa = PBXBuildFile; fileRef = 4C03BC8123550A0C00442B11 /* ConfigurationView.swift */; };
		4C28CDB22513F72000DAE010 /* LaunchScreen.storyboard in Resources */ = {isa = PBXBuildFile; fileRef = 4C28CDB12513F72000DAE010 /* LaunchScreen.storyboard */; };
		4C32F1082419765A00BAFB3A /* Calendar+Test.swift in Sources */ = {isa = PBXBuildFile; fileRef = 4C32F1072419765A00BAFB3A /* Calendar+Test.swift */; };
		4C3CCC6124B39353008F0699 /* WidgetKit.framework in Frameworks */ = {isa = PBXBuildFile; fileRef = 4C3CCC6024B39353008F0699 /* WidgetKit.framework */; };
		4C3CCC6324B39353008F0699 /* SwiftUI.framework in Frameworks */ = {isa = PBXBuildFile; fileRef = 4C3CCC6224B39353008F0699 /* SwiftUI.framework */; };
		4C3CCC6624B39353008F0699 /* TellTimeWidget.swift in Sources */ = {isa = PBXBuildFile; fileRef = 4C3CCC6524B39353008F0699 /* TellTimeWidget.swift */; };
		4C3CCC6924B39356008F0699 /* Assets.xcassets in Resources */ = {isa = PBXBuildFile; fileRef = 4C3CCC6824B39356008F0699 /* Assets.xcassets */; };
		4C3CCC6B24B39356008F0699 /* TellTimeWidget.intentdefinition in Sources */ = {isa = PBXBuildFile; fileRef = 4C3CCC6724B39353008F0699 /* TellTimeWidget.intentdefinition */; };
		4C3CCC6C24B39356008F0699 /* TellTimeWidget.intentdefinition in Sources */ = {isa = PBXBuildFile; fileRef = 4C3CCC6724B39353008F0699 /* TellTimeWidget.intentdefinition */; };
		4C3CCC6F24B39356008F0699 /* TellTimeWidgetExtension.appex in Embed App Extensions */ = {isa = PBXBuildFile; fileRef = 4C3CCC5F24B39353008F0699 /* TellTimeWidgetExtension.appex */; settings = {ATTRIBUTES = (RemoveHeadersOnCopy, ); }; };
		4C3CCC7424B396D5008F0699 /* SwiftPastTen in Frameworks */ = {isa = PBXBuildFile; productRef = 4C3CCC7324B396D5008F0699 /* SwiftPastTen */; };
		4C3CCC7624B396D5008F0699 /* SwiftClockUI in Frameworks */ = {isa = PBXBuildFile; productRef = 4C3CCC7524B396D5008F0699 /* SwiftClockUI */; };
		4C43CB9D25CB27D600890D3B /* SpeechRecognitionCore.swift in Sources */ = {isa = PBXBuildFile; fileRef = 4C43CB9C25CB27D600890D3B /* SpeechRecognitionCore.swift */; };
		4C460CA524443D53006D02EA /* RandomDate.swift in Sources */ = {isa = PBXBuildFile; fileRef = 4C460CA424443D53006D02EA /* RandomDate.swift */; };
		4C460CAF2444D6A5006D02EA /* TellTime.swift in Sources */ = {isa = PBXBuildFile; fileRef = 4C460CAE2444D6A5006D02EA /* TellTime.swift */; };
		4C474A41243702CA00DDD53C /* SnapshotTesting in Frameworks */ = {isa = PBXBuildFile; productRef = 4C474A40243702CA00DDD53C /* SnapshotTesting */; };
		4C61581B23CCF3E400243A5E /* ConfigurationViewTests.swift in Sources */ = {isa = PBXBuildFile; fileRef = 4C61581A23CCF3E400243A5E /* ConfigurationViewTests.swift */; };
		4C61D58A24A52AE20033B689 /* SwiftPastTen in Frameworks */ = {isa = PBXBuildFile; productRef = 4C61D58924A52AE20033B689 /* SwiftPastTen */; };
		4C61D58C24A52AE20033B689 /* SwiftClockUI in Frameworks */ = {isa = PBXBuildFile; productRef = 4C61D58B24A52AE20033B689 /* SwiftClockUI */; };
		4C6C9CE223592C56004EF6A5 /* SpeakButton.swift in Sources */ = {isa = PBXBuildFile; fileRef = 4C6C9CE123592C56004EF6A5 /* SpeakButton.swift */; };
		4C6FB8932448CEED00C527A1 /* Calendar+Preview.swift in Sources */ = {isa = PBXBuildFile; fileRef = 4C6FB8922448CEED00C527A1 /* Calendar+Preview.swift */; };
		4C86575425531EB20040EA04 /* RenaudJennyAboutView in Frameworks */ = {isa = PBXBuildFile; productRef = 4C86575325531EB20040EA04 /* RenaudJennyAboutView */; };
		4CB1D4BC22A7293300786385 /* TellTimeUKApp.swift in Sources */ = {isa = PBXBuildFile; fileRef = 4CB1D4BB22A7293300786385 /* TellTimeUKApp.swift */; };
		4CB1D4C022A7293300786385 /* MainView.swift in Sources */ = {isa = PBXBuildFile; fileRef = 4CB1D4BF22A7293300786385 /* MainView.swift */; };
		4CB1D4C222A7293500786385 /* Assets.xcassets in Resources */ = {isa = PBXBuildFile; fileRef = 4CB1D4C122A7293500786385 /* Assets.xcassets */; };
		4CB1D4C522A7293500786385 /* Preview Assets.xcassets in Resources */ = {isa = PBXBuildFile; fileRef = 4CB1D4C422A7293500786385 /* Preview Assets.xcassets */; };
		4CB1D4D322A7293500786385 /* telltimeTests.swift in Sources */ = {isa = PBXBuildFile; fileRef = 4CB1D4D222A7293500786385 /* telltimeTests.swift */; };
		4CB965F623CE3C8A00B40F83 /* SpeakButtonTests.swift in Sources */ = {isa = PBXBuildFile; fileRef = 4CB965F523CE3C8A00B40F83 /* SpeakButtonTests.swift */; };
		4CC0406722B530EC0001AA50 /* TTS.swift in Sources */ = {isa = PBXBuildFile; fileRef = 4CC0406622B530EC0001AA50 /* TTS.swift */; };
		4CC1AAD22503AB3700DA2EE0 /* SnapshotTesting+DefaultImage.swift in Sources */ = {isa = PBXBuildFile; fileRef = 4CC1AAD12503AB3600DA2EE0 /* SnapshotTesting+DefaultImage.swift */; };
		4CCF193A234E665A002E6D46 /* PreviewLayout+PredefinedDevice.swift in Sources */ = {isa = PBXBuildFile; fileRef = 4CCF1939234E665A002E6D46 /* PreviewLayout+PredefinedDevice.swift */; };
		4CD270C223BB9375004536D6 /* TTSTests.swift in Sources */ = {isa = PBXBuildFile; fileRef = 4CD270C123BB9375004536D6 /* TTSTests.swift */; };
		4CD270D823C3AC92004536D6 /* BDD.swift in Sources */ = {isa = PBXBuildFile; fileRef = 4CD270D723C3AC92004536D6 /* BDD.swift */; };
		4CE649EE25D0124A006183BB /* SwiftToTen.swift in Sources */ = {isa = PBXBuildFile; fileRef = 4CE649ED25D0124A006183BB /* SwiftToTen.swift */; };
		4CEA2AEC25C712A80062F5A0 /* SpeechRecognitionButton.swift in Sources */ = {isa = PBXBuildFile; fileRef = 4CEA2AEB25C712A80062F5A0 /* SpeechRecognitionButton.swift */; };
		4CEA2AF325C751D10062F5A0 /* SpeechRecognitionEngine.swift in Sources */ = {isa = PBXBuildFile; fileRef = 4CEA2AF225C751D10062F5A0 /* SpeechRecognitionEngine.swift */; };
		4CEB6042238ADEAF0085B07C /* AppCore.swift in Sources */ = {isa = PBXBuildFile; fileRef = 4CEB6041238ADEAF0085B07C /* AppCore.swift */; };
		4CEB604A238C82A30085B07C /* Configuration.swift in Sources */ = {isa = PBXBuildFile; fileRef = 4CEB6049238C82A30085B07C /* Configuration.swift */; };
		4CF452A624E036CE00C34A0F /* SwiftTTSCombine in Frameworks */ = {isa = PBXBuildFile; productRef = 4CF452A524E036CE00C34A0F /* SwiftTTSCombine */; };
		4CFB1C5C25D5BBC900AA7374 /* ComposableArchitecture in Frameworks */ = {isa = PBXBuildFile; productRef = 4CFB1C5B25D5BBC900AA7374 /* ComposableArchitecture */; };
		4CFB1C6A25D726BA00AA7374 /* DateSelector.swift in Sources */ = {isa = PBXBuildFile; fileRef = 4CFB1C6925D726BA00AA7374 /* DateSelector.swift */; };
		4CFB1C7025D7E0A800AA7374 /* Buttons.swift in Sources */ = {isa = PBXBuildFile; fileRef = 4CFB1C6F25D7E0A800AA7374 /* Buttons.swift */; };
		4CFD817223A42EA000A97C77 /* ConfigurationTests.swift in Sources */ = {isa = PBXBuildFile; fileRef = 4CFD817123A42EA000A97C77 /* ConfigurationTests.swift */; };
/* End PBXBuildFile section */

/* Begin PBXContainerItemProxy section */
		4C3CCC6D24B39356008F0699 /* PBXContainerItemProxy */ = {
			isa = PBXContainerItemProxy;
			containerPortal = 4CB1D4B022A7293300786385 /* Project object */;
			proxyType = 1;
			remoteGlobalIDString = 4C3CCC5E24B39353008F0699;
			remoteInfo = TellTimeWidgetExtension;
		};
		4CB1D4CF22A7293500786385 /* PBXContainerItemProxy */ = {
			isa = PBXContainerItemProxy;
			containerPortal = 4CB1D4B022A7293300786385 /* Project object */;
			proxyType = 1;
			remoteGlobalIDString = 4CB1D4B722A7293300786385;
			remoteInfo = telltime;
		};
/* End PBXContainerItemProxy section */

/* Begin PBXCopyFilesBuildPhase section */
		4C3B32F2242BD11800D17D70 /* Embed Frameworks */ = {
			isa = PBXCopyFilesBuildPhase;
			buildActionMask = 2147483647;
			dstPath = "";
			dstSubfolderSpec = 10;
			files = (
			);
			name = "Embed Frameworks";
			runOnlyForDeploymentPostprocessing = 0;
		};
		4CCBFD1823F870CA004EFBD8 /* Embed App Extensions */ = {
			isa = PBXCopyFilesBuildPhase;
			buildActionMask = 2147483647;
			dstPath = "";
			dstSubfolderSpec = 13;
			files = (
				4C3CCC6F24B39356008F0699 /* TellTimeWidgetExtension.appex in Embed App Extensions */,
			);
			name = "Embed App Extensions";
			runOnlyForDeploymentPostprocessing = 0;
		};
/* End PBXCopyFilesBuildPhase section */

/* Begin PBXFileReference section */
		4C03BC8123550A0C00442B11 /* ConfigurationView.swift */ = {isa = PBXFileReference; lastKnownFileType = sourcecode.swift; path = ConfigurationView.swift; sourceTree = "<group>"; };
		4C28CDB12513F72000DAE010 /* LaunchScreen.storyboard */ = {isa = PBXFileReference; lastKnownFileType = file.storyboard; path = LaunchScreen.storyboard; sourceTree = "<group>"; };
		4C32F1072419765A00BAFB3A /* Calendar+Test.swift */ = {isa = PBXFileReference; fileEncoding = 4; lastKnownFileType = sourcecode.swift; path = "Calendar+Test.swift"; sourceTree = "<group>"; };
		4C3CCC5F24B39353008F0699 /* TellTimeWidgetExtension.appex */ = {isa = PBXFileReference; explicitFileType = "wrapper.app-extension"; includeInIndex = 0; path = TellTimeWidgetExtension.appex; sourceTree = BUILT_PRODUCTS_DIR; };
		4C3CCC6024B39353008F0699 /* WidgetKit.framework */ = {isa = PBXFileReference; lastKnownFileType = wrapper.framework; name = WidgetKit.framework; path = System/Library/Frameworks/WidgetKit.framework; sourceTree = SDKROOT; };
		4C3CCC6224B39353008F0699 /* SwiftUI.framework */ = {isa = PBXFileReference; lastKnownFileType = wrapper.framework; name = SwiftUI.framework; path = System/Library/Frameworks/SwiftUI.framework; sourceTree = SDKROOT; };
		4C3CCC6524B39353008F0699 /* TellTimeWidget.swift */ = {isa = PBXFileReference; lastKnownFileType = sourcecode.swift; path = TellTimeWidget.swift; sourceTree = "<group>"; };
		4C3CCC6724B39353008F0699 /* TellTimeWidget.intentdefinition */ = {isa = PBXFileReference; lastKnownFileType = file.intentdefinition; path = TellTimeWidget.intentdefinition; sourceTree = "<group>"; };
		4C3CCC6824B39356008F0699 /* Assets.xcassets */ = {isa = PBXFileReference; lastKnownFileType = folder.assetcatalog; path = Assets.xcassets; sourceTree = "<group>"; };
		4C3CCC6A24B39356008F0699 /* Info.plist */ = {isa = PBXFileReference; lastKnownFileType = text.plist.xml; path = Info.plist; sourceTree = "<group>"; };
		4C43CB9C25CB27D600890D3B /* SpeechRecognitionCore.swift */ = {isa = PBXFileReference; lastKnownFileType = sourcecode.swift; path = SpeechRecognitionCore.swift; sourceTree = "<group>"; };
		4C460CA424443D53006D02EA /* RandomDate.swift */ = {isa = PBXFileReference; lastKnownFileType = sourcecode.swift; path = RandomDate.swift; sourceTree = "<group>"; };
		4C460CAE2444D6A5006D02EA /* TellTime.swift */ = {isa = PBXFileReference; lastKnownFileType = sourcecode.swift; path = TellTime.swift; sourceTree = "<group>"; };
		4C61581A23CCF3E400243A5E /* ConfigurationViewTests.swift */ = {isa = PBXFileReference; lastKnownFileType = sourcecode.swift; path = ConfigurationViewTests.swift; sourceTree = "<group>"; };
		4C6C9CE123592C56004EF6A5 /* SpeakButton.swift */ = {isa = PBXFileReference; lastKnownFileType = sourcecode.swift; path = SpeakButton.swift; sourceTree = "<group>"; };
		4C6FB8922448CEED00C527A1 /* Calendar+Preview.swift */ = {isa = PBXFileReference; lastKnownFileType = sourcecode.swift; path = "Calendar+Preview.swift"; sourceTree = "<group>"; };
		4CB1D4B822A7293300786385 /* Tell Time UK.app */ = {isa = PBXFileReference; explicitFileType = wrapper.application; includeInIndex = 0; path = "Tell Time UK.app"; sourceTree = BUILT_PRODUCTS_DIR; };
		4CB1D4BB22A7293300786385 /* TellTimeUKApp.swift */ = {isa = PBXFileReference; lastKnownFileType = sourcecode.swift; path = TellTimeUKApp.swift; sourceTree = "<group>"; };
		4CB1D4BF22A7293300786385 /* MainView.swift */ = {isa = PBXFileReference; lastKnownFileType = sourcecode.swift; path = MainView.swift; sourceTree = "<group>"; };
		4CB1D4C122A7293500786385 /* Assets.xcassets */ = {isa = PBXFileReference; lastKnownFileType = folder.assetcatalog; path = Assets.xcassets; sourceTree = "<group>"; };
		4CB1D4C422A7293500786385 /* Preview Assets.xcassets */ = {isa = PBXFileReference; lastKnownFileType = folder.assetcatalog; path = "Preview Assets.xcassets"; sourceTree = "<group>"; };
		4CB1D4C922A7293500786385 /* Info.plist */ = {isa = PBXFileReference; lastKnownFileType = text.plist.xml; path = Info.plist; sourceTree = "<group>"; };
		4CB1D4CE22A7293500786385 /* telltimeTests.xctest */ = {isa = PBXFileReference; explicitFileType = wrapper.cfbundle; includeInIndex = 0; path = telltimeTests.xctest; sourceTree = BUILT_PRODUCTS_DIR; };
		4CB1D4D222A7293500786385 /* telltimeTests.swift */ = {isa = PBXFileReference; lastKnownFileType = sourcecode.swift; path = telltimeTests.swift; sourceTree = "<group>"; };
		4CB1D4D422A7293500786385 /* Info.plist */ = {isa = PBXFileReference; lastKnownFileType = text.plist.xml; path = Info.plist; sourceTree = "<group>"; };
		4CB965F523CE3C8A00B40F83 /* SpeakButtonTests.swift */ = {isa = PBXFileReference; lastKnownFileType = sourcecode.swift; path = SpeakButtonTests.swift; sourceTree = "<group>"; };
		4CC0406622B530EC0001AA50 /* TTS.swift */ = {isa = PBXFileReference; lastKnownFileType = sourcecode.swift; path = TTS.swift; sourceTree = "<group>"; };
		4CC1AAD12503AB3600DA2EE0 /* SnapshotTesting+DefaultImage.swift */ = {isa = PBXFileReference; lastKnownFileType = sourcecode.swift; path = "SnapshotTesting+DefaultImage.swift"; sourceTree = "<group>"; };
		4CCBFD0C23F870CA004EFBD8 /* NotificationCenter.framework */ = {isa = PBXFileReference; lastKnownFileType = wrapper.framework; name = NotificationCenter.framework; path = System/Library/Frameworks/NotificationCenter.framework; sourceTree = SDKROOT; };
		4CCF1939234E665A002E6D46 /* PreviewLayout+PredefinedDevice.swift */ = {isa = PBXFileReference; lastKnownFileType = sourcecode.swift; path = "PreviewLayout+PredefinedDevice.swift"; sourceTree = "<group>"; };
		4CD270C123BB9375004536D6 /* TTSTests.swift */ = {isa = PBXFileReference; lastKnownFileType = sourcecode.swift; path = TTSTests.swift; sourceTree = "<group>"; };
		4CD270D723C3AC92004536D6 /* BDD.swift */ = {isa = PBXFileReference; lastKnownFileType = sourcecode.swift; path = BDD.swift; sourceTree = "<group>"; };
		4CE649ED25D0124A006183BB /* SwiftToTen.swift */ = {isa = PBXFileReference; lastKnownFileType = sourcecode.swift; path = SwiftToTen.swift; sourceTree = "<group>"; };
		4CEA2AEB25C712A80062F5A0 /* SpeechRecognitionButton.swift */ = {isa = PBXFileReference; lastKnownFileType = sourcecode.swift; path = SpeechRecognitionButton.swift; sourceTree = "<group>"; };
		4CEA2AF225C751D10062F5A0 /* SpeechRecognitionEngine.swift */ = {isa = PBXFileReference; lastKnownFileType = sourcecode.swift; path = SpeechRecognitionEngine.swift; sourceTree = "<group>"; };
		4CEB6041238ADEAF0085B07C /* AppCore.swift */ = {isa = PBXFileReference; lastKnownFileType = sourcecode.swift; path = AppCore.swift; sourceTree = "<group>"; };
		4CEB6049238C82A30085B07C /* Configuration.swift */ = {isa = PBXFileReference; lastKnownFileType = sourcecode.swift; path = Configuration.swift; sourceTree = "<group>"; };
		4CFB1C6925D726BA00AA7374 /* DateSelector.swift */ = {isa = PBXFileReference; lastKnownFileType = sourcecode.swift; path = DateSelector.swift; sourceTree = "<group>"; };
		4CFB1C6F25D7E0A800AA7374 /* Buttons.swift */ = {isa = PBXFileReference; lastKnownFileType = sourcecode.swift; path = Buttons.swift; sourceTree = "<group>"; };
		4CFD817123A42EA000A97C77 /* ConfigurationTests.swift */ = {isa = PBXFileReference; lastKnownFileType = sourcecode.swift; path = ConfigurationTests.swift; sourceTree = "<group>"; };
/* End PBXFileReference section */

/* Begin PBXFrameworksBuildPhase section */
		4C3CCC5C24B39353008F0699 /* Frameworks */ = {
			isa = PBXFrameworksBuildPhase;
			buildActionMask = 2147483647;
			files = (
				4C3CCC6324B39353008F0699 /* SwiftUI.framework in Frameworks */,
				4C3CCC6124B39353008F0699 /* WidgetKit.framework in Frameworks */,
				4C3CCC7424B396D5008F0699 /* SwiftPastTen in Frameworks */,
				4C3CCC7624B396D5008F0699 /* SwiftClockUI in Frameworks */,
			);
			runOnlyForDeploymentPostprocessing = 0;
		};
		4CB1D4B522A7293300786385 /* Frameworks */ = {
			isa = PBXFrameworksBuildPhase;
			buildActionMask = 2147483647;
			files = (
				4CFB1C5C25D5BBC900AA7374 /* ComposableArchitecture in Frameworks */,
				4C61D58A24A52AE20033B689 /* SwiftPastTen in Frameworks */,
				4C86575425531EB20040EA04 /* RenaudJennyAboutView in Frameworks */,
				4C61D58C24A52AE20033B689 /* SwiftClockUI in Frameworks */,
				4CF452A624E036CE00C34A0F /* SwiftTTSCombine in Frameworks */,
			);
			runOnlyForDeploymentPostprocessing = 0;
		};
		4CB1D4CB22A7293500786385 /* Frameworks */ = {
			isa = PBXFrameworksBuildPhase;
			buildActionMask = 2147483647;
			files = (
				4C474A41243702CA00DDD53C /* SnapshotTesting in Frameworks */,
			);
			runOnlyForDeploymentPostprocessing = 0;
		};
/* End PBXFrameworksBuildPhase section */

/* Begin PBXGroup section */
		4C03BC80235509DE00442B11 /* Configuration */ = {
			isa = PBXGroup;
			children = (
				4CEB6049238C82A30085B07C /* Configuration.swift */,
				4C03BC8123550A0C00442B11 /* ConfigurationView.swift */,
			);
			path = Configuration;
			sourceTree = "<group>";
		};
		4C05AB5B2343FB9400970036 /* App */ = {
			isa = PBXGroup;
			children = (
			);
			path = App;
			sourceTree = "<group>";
		};
		4C05AB5F2343FC2700970036 /* Common */ = {
			isa = PBXGroup;
			children = (
				4C460CAE2444D6A5006D02EA /* TellTime.swift */,
				4C460CA424443D53006D02EA /* RandomDate.swift */,
				4CCF1939234E665A002E6D46 /* PreviewLayout+PredefinedDevice.swift */,
				4C6FB8922448CEED00C527A1 /* Calendar+Preview.swift */,
			);
			path = Common;
			sourceTree = "<group>";
		};
		4C3CCC6424B39353008F0699 /* TellTimeWidget */ = {
			isa = PBXGroup;
			children = (
				4C3CCC6524B39353008F0699 /* TellTimeWidget.swift */,
				4C3CCC6724B39353008F0699 /* TellTimeWidget.intentdefinition */,
				4C3CCC6824B39356008F0699 /* Assets.xcassets */,
				4C3CCC6A24B39356008F0699 /* Info.plist */,
			);
			path = TellTimeWidget;
			sourceTree = "<group>";
		};
		4C61581923CCF3C900243A5E /* Configuration */ = {
			isa = PBXGroup;
			children = (
				4CFD817123A42EA000A97C77 /* ConfigurationTests.swift */,
				4C61581A23CCF3E400243A5E /* ConfigurationViewTests.swift */,
			);
			path = Configuration;
			sourceTree = "<group>";
		};
		4CB1D4AF22A7293300786385 = {
			isa = PBXGroup;
			children = (
				4CCBFD0B23F870CA004EFBD8 /* Frameworks */,
				4CB1D4B922A7293300786385 /* Products */,
				4CB1D4BA22A7293300786385 /* telltime */,
				4CB1D4D122A7293500786385 /* telltimeTests */,
				4C3CCC6424B39353008F0699 /* TellTimeWidget */,
			);
			sourceTree = "<group>";
		};
		4CB1D4B922A7293300786385 /* Products */ = {
			isa = PBXGroup;
			children = (
				4CB1D4B822A7293300786385 /* Tell Time UK.app */,
				4CB1D4CE22A7293500786385 /* telltimeTests.xctest */,
				4C3CCC5F24B39353008F0699 /* TellTimeWidgetExtension.appex */,
			);
			name = Products;
			sourceTree = "<group>";
		};
		4CB1D4BA22A7293300786385 /* telltime */ = {
			isa = PBXGroup;
			children = (
				4CFB1C6E25D7E05700AA7374 /* MainScreen */,
				4CEB6041238ADEAF0085B07C /* AppCore.swift */,
				4CB1D4BB22A7293300786385 /* TellTimeUKApp.swift */,
				4CEA2AEA25C7127F0062F5A0 /* Speech Recognition */,
				4C05AB5B2343FB9400970036 /* App */,
				4CB1D4C122A7293500786385 /* Assets.xcassets */,
				4C05AB5F2343FC2700970036 /* Common */,
				4C03BC80235509DE00442B11 /* Configuration */,
				4CB1D4C922A7293500786385 /* Info.plist */,
				4CB1D4C322A7293500786385 /* Preview Content */,
				4CB1D4BF22A7293300786385 /* MainView.swift */,
				4CD0504B23A2D47000BD9C34 /* TTS */,
				4C28CDB12513F72000DAE010 /* LaunchScreen.storyboard */,
			);
			path = telltime;
			sourceTree = "<group>";
		};
		4CB1D4C322A7293500786385 /* Preview Content */ = {
			isa = PBXGroup;
			children = (
				4CB1D4C422A7293500786385 /* Preview Assets.xcassets */,
			);
			path = "Preview Content";
			sourceTree = "<group>";
		};
		4CB1D4D122A7293500786385 /* telltimeTests */ = {
			isa = PBXGroup;
			children = (
				4CD270D723C3AC92004536D6 /* BDD.swift */,
				4C32F1072419765A00BAFB3A /* Calendar+Test.swift */,
				4C61581923CCF3C900243A5E /* Configuration */,
				4CB1D4D422A7293500786385 /* Info.plist */,
				4CB1D4D222A7293500786385 /* telltimeTests.swift */,
				4CD270C023BB935A004536D6 /* TTS */,
				4CC1AAD12503AB3600DA2EE0 /* SnapshotTesting+DefaultImage.swift */,
			);
			path = telltimeTests;
			sourceTree = "<group>";
		};
		4CCBFD0B23F870CA004EFBD8 /* Frameworks */ = {
			isa = PBXGroup;
			children = (
				4CCBFD0C23F870CA004EFBD8 /* NotificationCenter.framework */,
				4C3CCC6024B39353008F0699 /* WidgetKit.framework */,
				4C3CCC6224B39353008F0699 /* SwiftUI.framework */,
			);
			name = Frameworks;
			sourceTree = "<group>";
		};
		4CD0504B23A2D47000BD9C34 /* TTS */ = {
			isa = PBXGroup;
			children = (
				4C6C9CE123592C56004EF6A5 /* SpeakButton.swift */,
				4CC0406622B530EC0001AA50 /* TTS.swift */,
			);
			path = TTS;
			sourceTree = "<group>";
		};
		4CD270C023BB935A004536D6 /* TTS */ = {
			isa = PBXGroup;
			children = (
				4CD270C123BB9375004536D6 /* TTSTests.swift */,
				4CB965F523CE3C8A00B40F83 /* SpeakButtonTests.swift */,
			);
			path = TTS;
			sourceTree = "<group>";
		};
		4CEA2AEA25C7127F0062F5A0 /* Speech Recognition */ = {
			isa = PBXGroup;
			children = (
				4CEA2AEB25C712A80062F5A0 /* SpeechRecognitionButton.swift */,
				4CEA2AF225C751D10062F5A0 /* SpeechRecognitionEngine.swift */,
				4C43CB9C25CB27D600890D3B /* SpeechRecognitionCore.swift */,
				4CE649ED25D0124A006183BB /* SwiftToTen.swift */,
			);
			path = "Speech Recognition";
			sourceTree = "<group>";
		};
		4CFB1C6E25D7E05700AA7374 /* MainScreen */ = {
			isa = PBXGroup;
			children = (
				4CFB1C6925D726BA00AA7374 /* DateSelector.swift */,
				4CFB1C6F25D7E0A800AA7374 /* Buttons.swift */,
			);
			path = MainScreen;
			sourceTree = "<group>";
		};
/* End PBXGroup section */

/* Begin PBXNativeTarget section */
		4C3CCC5E24B39353008F0699 /* TellTimeWidgetExtension */ = {
			isa = PBXNativeTarget;
			buildConfigurationList = 4C3CCC7224B39356008F0699 /* Build configuration list for PBXNativeTarget "TellTimeWidgetExtension" */;
			buildPhases = (
				4C3CCC5B24B39353008F0699 /* Sources */,
				4C3CCC5C24B39353008F0699 /* Frameworks */,
				4C3CCC5D24B39353008F0699 /* Resources */,
			);
			buildRules = (
			);
			dependencies = (
			);
			name = TellTimeWidgetExtension;
			packageProductDependencies = (
				4C3CCC7324B396D5008F0699 /* SwiftPastTen */,
				4C3CCC7524B396D5008F0699 /* SwiftClockUI */,
			);
			productName = TellTimeWidgetExtension;
			productReference = 4C3CCC5F24B39353008F0699 /* TellTimeWidgetExtension.appex */;
			productType = "com.apple.product-type.app-extension";
		};
		4CB1D4B722A7293300786385 /* telltime */ = {
			isa = PBXNativeTarget;
			buildConfigurationList = 4CB1D4E222A7293500786385 /* Build configuration list for PBXNativeTarget "telltime" */;
			buildPhases = (
				4CB1D4B422A7293300786385 /* Sources */,
				4CB1D4B522A7293300786385 /* Frameworks */,
				4CB1D4B622A7293300786385 /* Resources */,
				4CC35E0B23429E7700D9C8D6 /* ShellScript */,
				4CCBFD1823F870CA004EFBD8 /* Embed App Extensions */,
				4C3B32F2242BD11800D17D70 /* Embed Frameworks */,
			);
			buildRules = (
			);
			dependencies = (
				4C3CCC6E24B39356008F0699 /* PBXTargetDependency */,
			);
			name = telltime;
			packageProductDependencies = (
				4C61D58924A52AE20033B689 /* SwiftPastTen */,
				4C61D58B24A52AE20033B689 /* SwiftClockUI */,
				4CF452A524E036CE00C34A0F /* SwiftTTSCombine */,
				4C86575325531EB20040EA04 /* RenaudJennyAboutView */,
				4CFB1C5B25D5BBC900AA7374 /* ComposableArchitecture */,
			);
			productName = telltime;
			productReference = 4CB1D4B822A7293300786385 /* Tell Time UK.app */;
			productType = "com.apple.product-type.application";
		};
		4CB1D4CD22A7293500786385 /* telltimeTests */ = {
			isa = PBXNativeTarget;
			buildConfigurationList = 4CB1D4E522A7293500786385 /* Build configuration list for PBXNativeTarget "telltimeTests" */;
			buildPhases = (
				4CB1D4CA22A7293500786385 /* Sources */,
				4CB1D4CB22A7293500786385 /* Frameworks */,
				4CB1D4CC22A7293500786385 /* Resources */,
			);
			buildRules = (
			);
			dependencies = (
				4CB1D4D022A7293500786385 /* PBXTargetDependency */,
			);
			name = telltimeTests;
			packageProductDependencies = (
				4C474A40243702CA00DDD53C /* SnapshotTesting */,
			);
			productName = telltimeTests;
			productReference = 4CB1D4CE22A7293500786385 /* telltimeTests.xctest */;
			productType = "com.apple.product-type.bundle.unit-test";
		};
/* End PBXNativeTarget section */

/* Begin PBXProject section */
		4CB1D4B022A7293300786385 /* Project object */ = {
			isa = PBXProject;
			attributes = {
				LastSwiftUpdateCheck = 1200;
				LastUpgradeCheck = 1200;
				ORGANIZATIONNAME = "Renaud JENNY";
				TargetAttributes = {
					4C3CCC5E24B39353008F0699 = {
						CreatedOnToolsVersion = 12.0;
					};
					4CB1D4B722A7293300786385 = {
						CreatedOnToolsVersion = 11.0;
					};
					4CB1D4CD22A7293500786385 = {
						CreatedOnToolsVersion = 11.0;
						TestTargetID = 4CB1D4B722A7293300786385;
					};
				};
			};
			buildConfigurationList = 4CB1D4B322A7293300786385 /* Build configuration list for PBXProject "telltime" */;
			compatibilityVersion = "Xcode 9.3";
			developmentRegion = en;
			hasScannedForEncodings = 0;
			knownRegions = (
				en,
				Base,
			);
			mainGroup = 4CB1D4AF22A7293300786385;
			packageReferences = (
				4C3B32EB242BCE5300D17D70 /* XCRemoteSwiftPackageReference "SwiftPastTen" */,
				4C3B32EE242BD11700D17D70 /* XCRemoteSwiftPackageReference "SwiftClockUI" */,
				4CAE627A24367DB100E57FAC /* XCRemoteSwiftPackageReference "swift-snapshot-testing" */,
				4CF452A424E036CE00C34A0F /* XCRemoteSwiftPackageReference "SwiftTTSCombine" */,
				4C86575225531EB20040EA04 /* XCRemoteSwiftPackageReference "RenaudJennyAboutView" */,
				4CFB1C5A25D5BBC900AA7374 /* XCRemoteSwiftPackageReference "swift-composable-architecture" */,
			);
			productRefGroup = 4CB1D4B922A7293300786385 /* Products */;
			projectDirPath = "";
			projectRoot = "";
			targets = (
				4CB1D4B722A7293300786385 /* telltime */,
				4CB1D4CD22A7293500786385 /* telltimeTests */,
				4C3CCC5E24B39353008F0699 /* TellTimeWidgetExtension */,
			);
		};
/* End PBXProject section */

/* Begin PBXResourcesBuildPhase section */
		4C3CCC5D24B39353008F0699 /* Resources */ = {
			isa = PBXResourcesBuildPhase;
			buildActionMask = 2147483647;
			files = (
				4C3CCC6924B39356008F0699 /* Assets.xcassets in Resources */,
			);
			runOnlyForDeploymentPostprocessing = 0;
		};
		4CB1D4B622A7293300786385 /* Resources */ = {
			isa = PBXResourcesBuildPhase;
			buildActionMask = 2147483647;
			files = (
				4C28CDB22513F72000DAE010 /* LaunchScreen.storyboard in Resources */,
				4CB1D4C522A7293500786385 /* Preview Assets.xcassets in Resources */,
				4CB1D4C222A7293500786385 /* Assets.xcassets in Resources */,
			);
			runOnlyForDeploymentPostprocessing = 0;
		};
		4CB1D4CC22A7293500786385 /* Resources */ = {
			isa = PBXResourcesBuildPhase;
			buildActionMask = 2147483647;
			files = (
			);
			runOnlyForDeploymentPostprocessing = 0;
		};
/* End PBXResourcesBuildPhase section */

/* Begin PBXShellScriptBuildPhase section */
		4CC35E0B23429E7700D9C8D6 /* ShellScript */ = {
			isa = PBXShellScriptBuildPhase;
			buildActionMask = 2147483647;
			files = (
			);
			inputFileListPaths = (
			);
			inputPaths = (
			);
			outputFileListPaths = (
			);
			outputPaths = (
			);
			runOnlyForDeploymentPostprocessing = 0;
			shellPath = /bin/sh;
			shellScript = "if which swiftlint >/dev/null; then\n  swiftlint\nelse\n  echo \"warning: SwiftLint not installed, download from https://github.com/realm/SwiftLint\"\nfi\n";
		};
/* End PBXShellScriptBuildPhase section */

/* Begin PBXSourcesBuildPhase section */
		4C3CCC5B24B39353008F0699 /* Sources */ = {
			isa = PBXSourcesBuildPhase;
			buildActionMask = 2147483647;
			files = (
				4C3CCC6B24B39356008F0699 /* TellTimeWidget.intentdefinition in Sources */,
				4C3CCC6624B39353008F0699 /* TellTimeWidget.swift in Sources */,
			);
			runOnlyForDeploymentPostprocessing = 0;
		};
		4CB1D4B422A7293300786385 /* Sources */ = {
			isa = PBXSourcesBuildPhase;
			buildActionMask = 2147483647;
			files = (
				4C6FB8932448CEED00C527A1 /* Calendar+Preview.swift in Sources */,
				4C3CCC6C24B39356008F0699 /* TellTimeWidget.intentdefinition in Sources */,
				4CEB6042238ADEAF0085B07C /* AppCore.swift in Sources */,
				4CCF193A234E665A002E6D46 /* PreviewLayout+PredefinedDevice.swift in Sources */,
				4CC0406722B530EC0001AA50 /* TTS.swift in Sources */,
				4C03BC8223550A0C00442B11 /* ConfigurationView.swift in Sources */,
				4CEA2AF325C751D10062F5A0 /* SpeechRecognitionEngine.swift in Sources */,
				4C460CA524443D53006D02EA /* RandomDate.swift in Sources */,
				4CEB604A238C82A30085B07C /* Configuration.swift in Sources */,
				4CFB1C7025D7E0A800AA7374 /* Buttons.swift in Sources */,
				4C6C9CE223592C56004EF6A5 /* SpeakButton.swift in Sources */,
				4CEA2AEC25C712A80062F5A0 /* SpeechRecognitionButton.swift in Sources */,
				4C43CB9D25CB27D600890D3B /* SpeechRecognitionCore.swift in Sources */,
				4CE649EE25D0124A006183BB /* SwiftToTen.swift in Sources */,
				4CB1D4BC22A7293300786385 /* TellTimeUKApp.swift in Sources */,
				4CFB1C6A25D726BA00AA7374 /* DateSelector.swift in Sources */,
				4C460CAF2444D6A5006D02EA /* TellTime.swift in Sources */,
				4CB1D4C022A7293300786385 /* MainView.swift in Sources */,
			);
			runOnlyForDeploymentPostprocessing = 0;
		};
		4CB1D4CA22A7293500786385 /* Sources */ = {
			isa = PBXSourcesBuildPhase;
			buildActionMask = 2147483647;
			files = (
				4CFD817223A42EA000A97C77 /* ConfigurationTests.swift in Sources */,
				4CD270C223BB9375004536D6 /* TTSTests.swift in Sources */,
				4C32F1082419765A00BAFB3A /* Calendar+Test.swift in Sources */,
				4C61581B23CCF3E400243A5E /* ConfigurationViewTests.swift in Sources */,
				4CC1AAD22503AB3700DA2EE0 /* SnapshotTesting+DefaultImage.swift in Sources */,
				4CB965F623CE3C8A00B40F83 /* SpeakButtonTests.swift in Sources */,
				4CB1D4D322A7293500786385 /* telltimeTests.swift in Sources */,
				4CD270D823C3AC92004536D6 /* BDD.swift in Sources */,
			);
			runOnlyForDeploymentPostprocessing = 0;
		};
/* End PBXSourcesBuildPhase section */

/* Begin PBXTargetDependency section */
		4C3CCC6E24B39356008F0699 /* PBXTargetDependency */ = {
			isa = PBXTargetDependency;
			target = 4C3CCC5E24B39353008F0699 /* TellTimeWidgetExtension */;
			targetProxy = 4C3CCC6D24B39356008F0699 /* PBXContainerItemProxy */;
		};
		4CB1D4D022A7293500786385 /* PBXTargetDependency */ = {
			isa = PBXTargetDependency;
			target = 4CB1D4B722A7293300786385 /* telltime */;
			targetProxy = 4CB1D4CF22A7293500786385 /* PBXContainerItemProxy */;
		};
/* End PBXTargetDependency section */

/* Begin XCBuildConfiguration section */
		4C3CCC7024B39356008F0699 /* Debug */ = {
			isa = XCBuildConfiguration;
			buildSettings = {
				ASSETCATALOG_COMPILER_GLOBAL_ACCENT_COLOR_NAME = AccentColor;
				ASSETCATALOG_COMPILER_WIDGET_BACKGROUND_COLOR_NAME = WidgetBackground;
				CODE_SIGN_IDENTITY = "Apple Development";
				CODE_SIGN_STYLE = Automatic;
				CURRENT_PROJECT_VERSION = 1;
				DEVELOPMENT_TEAM = MBQ98GC8JT;
				INFOPLIST_FILE = TellTimeWidget/Info.plist;
				LD_RUNPATH_SEARCH_PATHS = (
					"$(inherited)",
					"@executable_path/Frameworks",
					"@executable_path/../../Frameworks",
				);
				MARKETING_VERSION = 2.3.0;
				PRODUCT_BUNDLE_IDENTIFIER = renaud.jenny.telltime.TellTimeWidget;
				PRODUCT_NAME = "$(TARGET_NAME)";
				SKIP_INSTALL = YES;
				SWIFT_VERSION = 5.0;
				TARGETED_DEVICE_FAMILY = "1,2";
			};
			name = Debug;
		};
		4C3CCC7124B39356008F0699 /* Release */ = {
			isa = XCBuildConfiguration;
			buildSettings = {
				ASSETCATALOG_COMPILER_GLOBAL_ACCENT_COLOR_NAME = AccentColor;
				ASSETCATALOG_COMPILER_WIDGET_BACKGROUND_COLOR_NAME = WidgetBackground;
				CODE_SIGN_IDENTITY = "Apple Development";
				CODE_SIGN_STYLE = Automatic;
				CURRENT_PROJECT_VERSION = 1;
				DEVELOPMENT_TEAM = MBQ98GC8JT;
				INFOPLIST_FILE = TellTimeWidget/Info.plist;
				LD_RUNPATH_SEARCH_PATHS = (
					"$(inherited)",
					"@executable_path/Frameworks",
					"@executable_path/../../Frameworks",
				);
				MARKETING_VERSION = 2.3.0;
				PRODUCT_BUNDLE_IDENTIFIER = renaud.jenny.telltime.TellTimeWidget;
				PRODUCT_NAME = "$(TARGET_NAME)";
				SKIP_INSTALL = YES;
				SWIFT_VERSION = 5.0;
				TARGETED_DEVICE_FAMILY = "1,2";
			};
			name = Release;
		};
		4CB1D4E022A7293500786385 /* Debug */ = {
			isa = XCBuildConfiguration;
			buildSettings = {
				ALWAYS_SEARCH_USER_PATHS = NO;
				CLANG_ANALYZER_NONNULL = YES;
				CLANG_ANALYZER_NUMBER_OBJECT_CONVERSION = YES_AGGRESSIVE;
				CLANG_CXX_LANGUAGE_STANDARD = "gnu++14";
				CLANG_CXX_LIBRARY = "libc++";
				CLANG_ENABLE_MODULES = YES;
				CLANG_ENABLE_OBJC_ARC = YES;
				CLANG_ENABLE_OBJC_WEAK = YES;
				CLANG_WARN_BLOCK_CAPTURE_AUTORELEASING = YES;
				CLANG_WARN_BOOL_CONVERSION = YES;
				CLANG_WARN_COMMA = YES;
				CLANG_WARN_CONSTANT_CONVERSION = YES;
				CLANG_WARN_DEPRECATED_OBJC_IMPLEMENTATIONS = YES;
				CLANG_WARN_DIRECT_OBJC_ISA_USAGE = YES_ERROR;
				CLANG_WARN_DOCUMENTATION_COMMENTS = YES;
				CLANG_WARN_EMPTY_BODY = YES;
				CLANG_WARN_ENUM_CONVERSION = YES;
				CLANG_WARN_INFINITE_RECURSION = YES;
				CLANG_WARN_INT_CONVERSION = YES;
				CLANG_WARN_NON_LITERAL_NULL_CONVERSION = YES;
				CLANG_WARN_OBJC_IMPLICIT_RETAIN_SELF = YES;
				CLANG_WARN_OBJC_LITERAL_CONVERSION = YES;
				CLANG_WARN_OBJC_ROOT_CLASS = YES_ERROR;
				CLANG_WARN_QUOTED_INCLUDE_IN_FRAMEWORK_HEADER = YES;
				CLANG_WARN_RANGE_LOOP_ANALYSIS = YES;
				CLANG_WARN_STRICT_PROTOTYPES = YES;
				CLANG_WARN_SUSPICIOUS_MOVE = YES;
				CLANG_WARN_UNGUARDED_AVAILABILITY = YES_AGGRESSIVE;
				CLANG_WARN_UNREACHABLE_CODE = YES;
				CLANG_WARN__DUPLICATE_METHOD_MATCH = YES;
				COPY_PHASE_STRIP = NO;
				DEBUG_INFORMATION_FORMAT = dwarf;
				ENABLE_STRICT_OBJC_MSGSEND = YES;
				ENABLE_TESTABILITY = YES;
				GCC_C_LANGUAGE_STANDARD = gnu11;
				GCC_DYNAMIC_NO_PIC = NO;
				GCC_NO_COMMON_BLOCKS = YES;
				GCC_OPTIMIZATION_LEVEL = 0;
				GCC_PREPROCESSOR_DEFINITIONS = (
					"DEBUG=1",
					"$(inherited)",
				);
				GCC_WARN_64_TO_32_BIT_CONVERSION = YES;
				GCC_WARN_ABOUT_RETURN_TYPE = YES_ERROR;
				GCC_WARN_UNDECLARED_SELECTOR = YES;
				GCC_WARN_UNINITIALIZED_AUTOS = YES_AGGRESSIVE;
				GCC_WARN_UNUSED_FUNCTION = YES;
				GCC_WARN_UNUSED_VARIABLE = YES;
				IPHONEOS_DEPLOYMENT_TARGET = 14.0;
				MTL_ENABLE_DEBUG_INFO = INCLUDE_SOURCE;
				MTL_FAST_MATH = YES;
				ONLY_ACTIVE_ARCH = YES;
				SDKROOT = iphoneos;
				SWIFT_ACTIVE_COMPILATION_CONDITIONS = DEBUG;
				SWIFT_OPTIMIZATION_LEVEL = "-Onone";
			};
			name = Debug;
		};
		4CB1D4E122A7293500786385 /* Release */ = {
			isa = XCBuildConfiguration;
			buildSettings = {
				ALWAYS_SEARCH_USER_PATHS = NO;
				CLANG_ANALYZER_NONNULL = YES;
				CLANG_ANALYZER_NUMBER_OBJECT_CONVERSION = YES_AGGRESSIVE;
				CLANG_CXX_LANGUAGE_STANDARD = "gnu++14";
				CLANG_CXX_LIBRARY = "libc++";
				CLANG_ENABLE_MODULES = YES;
				CLANG_ENABLE_OBJC_ARC = YES;
				CLANG_ENABLE_OBJC_WEAK = YES;
				CLANG_WARN_BLOCK_CAPTURE_AUTORELEASING = YES;
				CLANG_WARN_BOOL_CONVERSION = YES;
				CLANG_WARN_COMMA = YES;
				CLANG_WARN_CONSTANT_CONVERSION = YES;
				CLANG_WARN_DEPRECATED_OBJC_IMPLEMENTATIONS = YES;
				CLANG_WARN_DIRECT_OBJC_ISA_USAGE = YES_ERROR;
				CLANG_WARN_DOCUMENTATION_COMMENTS = YES;
				CLANG_WARN_EMPTY_BODY = YES;
				CLANG_WARN_ENUM_CONVERSION = YES;
				CLANG_WARN_INFINITE_RECURSION = YES;
				CLANG_WARN_INT_CONVERSION = YES;
				CLANG_WARN_NON_LITERAL_NULL_CONVERSION = YES;
				CLANG_WARN_OBJC_IMPLICIT_RETAIN_SELF = YES;
				CLANG_WARN_OBJC_LITERAL_CONVERSION = YES;
				CLANG_WARN_OBJC_ROOT_CLASS = YES_ERROR;
				CLANG_WARN_QUOTED_INCLUDE_IN_FRAMEWORK_HEADER = YES;
				CLANG_WARN_RANGE_LOOP_ANALYSIS = YES;
				CLANG_WARN_STRICT_PROTOTYPES = YES;
				CLANG_WARN_SUSPICIOUS_MOVE = YES;
				CLANG_WARN_UNGUARDED_AVAILABILITY = YES_AGGRESSIVE;
				CLANG_WARN_UNREACHABLE_CODE = YES;
				CLANG_WARN__DUPLICATE_METHOD_MATCH = YES;
				COPY_PHASE_STRIP = NO;
				DEBUG_INFORMATION_FORMAT = "dwarf-with-dsym";
				ENABLE_NS_ASSERTIONS = NO;
				ENABLE_STRICT_OBJC_MSGSEND = YES;
				GCC_C_LANGUAGE_STANDARD = gnu11;
				GCC_NO_COMMON_BLOCKS = YES;
				GCC_WARN_64_TO_32_BIT_CONVERSION = YES;
				GCC_WARN_ABOUT_RETURN_TYPE = YES_ERROR;
				GCC_WARN_UNDECLARED_SELECTOR = YES;
				GCC_WARN_UNINITIALIZED_AUTOS = YES_AGGRESSIVE;
				GCC_WARN_UNUSED_FUNCTION = YES;
				GCC_WARN_UNUSED_VARIABLE = YES;
				IPHONEOS_DEPLOYMENT_TARGET = 14.0;
				MTL_ENABLE_DEBUG_INFO = NO;
				MTL_FAST_MATH = YES;
				SDKROOT = iphoneos;
				SWIFT_COMPILATION_MODE = wholemodule;
				SWIFT_OPTIMIZATION_LEVEL = "-O";
				VALIDATE_PRODUCT = YES;
			};
			name = Release;
		};
		4CB1D4E322A7293500786385 /* Debug */ = {
			isa = XCBuildConfiguration;
			buildSettings = {
				ALWAYS_EMBED_SWIFT_STANDARD_LIBRARIES = YES;
				ASSETCATALOG_COMPILER_APPICON_NAME = AppIcon;
				CODE_SIGN_IDENTITY = "Apple Development";
				CODE_SIGN_STYLE = Automatic;
				CURRENT_PROJECT_VERSION = 1;
				DEVELOPMENT_ASSET_PATHS = "telltime/Preview\\ Content";
				DEVELOPMENT_TEAM = MBQ98GC8JT;
				ENABLE_PREVIEWS = YES;
				INFOPLIST_FILE = telltime/Info.plist;
				LD_RUNPATH_SEARCH_PATHS = (
					"$(inherited)",
					"@executable_path/Frameworks",
				);
				MARKETING_VERSION = 2.3.0;
				PRODUCT_BUNDLE_IDENTIFIER = renaud.jenny.telltime;
				PRODUCT_NAME = "Tell Time UK";
				PROVISIONING_PROFILE_SPECIFIER = "";
				SWIFT_VERSION = 5.0;
				TARGETED_DEVICE_FAMILY = "1,2";
			};
			name = Debug;
		};
		4CB1D4E422A7293500786385 /* Release */ = {
			isa = XCBuildConfiguration;
			buildSettings = {
				ALWAYS_EMBED_SWIFT_STANDARD_LIBRARIES = YES;
				ASSETCATALOG_COMPILER_APPICON_NAME = AppIcon;
				CODE_SIGN_IDENTITY = "Apple Development";
				CODE_SIGN_STYLE = Automatic;
				CURRENT_PROJECT_VERSION = 1;
				DEVELOPMENT_ASSET_PATHS = "telltime/Preview\\ Content";
				DEVELOPMENT_TEAM = MBQ98GC8JT;
				ENABLE_PREVIEWS = YES;
				INFOPLIST_FILE = telltime/Info.plist;
				LD_RUNPATH_SEARCH_PATHS = (
					"$(inherited)",
					"@executable_path/Frameworks",
				);
				MARKETING_VERSION = 2.3.0;
				PRODUCT_BUNDLE_IDENTIFIER = renaud.jenny.telltime;
				PRODUCT_NAME = "Tell Time UK";
				PROVISIONING_PROFILE_SPECIFIER = "";
				SWIFT_VERSION = 5.0;
				TARGETED_DEVICE_FAMILY = "1,2";
			};
			name = Release;
		};
		4CB1D4E622A7293500786385 /* Debug */ = {
			isa = XCBuildConfiguration;
			buildSettings = {
				ALWAYS_EMBED_SWIFT_STANDARD_LIBRARIES = YES;
				BUNDLE_LOADER = "$(TEST_HOST)";
				CODE_SIGN_STYLE = Automatic;
				DEVELOPMENT_TEAM = MBQ98GC8JT;
				INFOPLIST_FILE = telltimeTests/Info.plist;
				LD_RUNPATH_SEARCH_PATHS = (
					"$(inherited)",
					"@executable_path/Frameworks",
					"@loader_path/Frameworks",
				);
				PRODUCT_BUNDLE_IDENTIFIER = renaud.jenny.telltimeTests;
				PRODUCT_NAME = "$(TARGET_NAME)";
				SWIFT_VERSION = 5.0;
				TARGETED_DEVICE_FAMILY = "1,2";
				TEST_HOST = "$(BUILT_PRODUCTS_DIR)/Tell Time UK.app/Tell Time UK";
			};
			name = Debug;
		};
		4CB1D4E722A7293500786385 /* Release */ = {
			isa = XCBuildConfiguration;
			buildSettings = {
				ALWAYS_EMBED_SWIFT_STANDARD_LIBRARIES = YES;
				BUNDLE_LOADER = "$(TEST_HOST)";
				CODE_SIGN_STYLE = Automatic;
				DEVELOPMENT_TEAM = MBQ98GC8JT;
				INFOPLIST_FILE = telltimeTests/Info.plist;
				LD_RUNPATH_SEARCH_PATHS = (
					"$(inherited)",
					"@executable_path/Frameworks",
					"@loader_path/Frameworks",
				);
				PRODUCT_BUNDLE_IDENTIFIER = renaud.jenny.telltimeTests;
				PRODUCT_NAME = "$(TARGET_NAME)";
				SWIFT_VERSION = 5.0;
				TARGETED_DEVICE_FAMILY = "1,2";
				TEST_HOST = "$(BUILT_PRODUCTS_DIR)/Tell Time UK.app/Tell Time UK";
			};
			name = Release;
		};
/* End XCBuildConfiguration section */

/* Begin XCConfigurationList section */
		4C3CCC7224B39356008F0699 /* Build configuration list for PBXNativeTarget "TellTimeWidgetExtension" */ = {
			isa = XCConfigurationList;
			buildConfigurations = (
				4C3CCC7024B39356008F0699 /* Debug */,
				4C3CCC7124B39356008F0699 /* Release */,
			);
			defaultConfigurationIsVisible = 0;
			defaultConfigurationName = Release;
		};
		4CB1D4B322A7293300786385 /* Build configuration list for PBXProject "telltime" */ = {
			isa = XCConfigurationList;
			buildConfigurations = (
				4CB1D4E022A7293500786385 /* Debug */,
				4CB1D4E122A7293500786385 /* Release */,
			);
			defaultConfigurationIsVisible = 0;
			defaultConfigurationName = Release;
		};
		4CB1D4E222A7293500786385 /* Build configuration list for PBXNativeTarget "telltime" */ = {
			isa = XCConfigurationList;
			buildConfigurations = (
				4CB1D4E322A7293500786385 /* Debug */,
				4CB1D4E422A7293500786385 /* Release */,
			);
			defaultConfigurationIsVisible = 0;
			defaultConfigurationName = Release;
		};
		4CB1D4E522A7293500786385 /* Build configuration list for PBXNativeTarget "telltimeTests" */ = {
			isa = XCConfigurationList;
			buildConfigurations = (
				4CB1D4E622A7293500786385 /* Debug */,
				4CB1D4E722A7293500786385 /* Release */,
			);
			defaultConfigurationIsVisible = 0;
			defaultConfigurationName = Release;
		};
/* End XCConfigurationList section */

/* Begin XCRemoteSwiftPackageReference section */
		4C3B32EB242BCE5300D17D70 /* XCRemoteSwiftPackageReference "SwiftPastTen" */ = {
			isa = XCRemoteSwiftPackageReference;
			repositoryURL = "https://github.com/renaudjenny/SwiftPastTen";
			requirement = {
				kind = upToNextMajorVersion;
				minimumVersion = 1.0.0;
			};
		};
		4C3B32EE242BD11700D17D70 /* XCRemoteSwiftPackageReference "SwiftClockUI" */ = {
			isa = XCRemoteSwiftPackageReference;
			repositoryURL = "https://github.com/renaudjenny/SwiftClockUI";
			requirement = {
				kind = upToNextMajorVersion;
				minimumVersion = 1.3.0;
			};
		};
		4C86575225531EB20040EA04 /* XCRemoteSwiftPackageReference "RenaudJennyAboutView" */ = {
			isa = XCRemoteSwiftPackageReference;
			repositoryURL = "https://github.com/renaudjenny/RenaudJennyAboutView";
			requirement = {
				kind = upToNextMajorVersion;
				minimumVersion = 1.0.0;
			};
		};
		4CAE627A24367DB100E57FAC /* XCRemoteSwiftPackageReference "swift-snapshot-testing" */ = {
			isa = XCRemoteSwiftPackageReference;
			repositoryURL = "https://github.com/pointfreeco/swift-snapshot-testing.git";
			requirement = {
				kind = upToNextMajorVersion;
				minimumVersion = 1.7.2;
			};
		};
		4CF452A424E036CE00C34A0F /* XCRemoteSwiftPackageReference "SwiftTTSCombine" */ = {
			isa = XCRemoteSwiftPackageReference;
			repositoryURL = "https://github.com/renaudjenny/SwiftTTSCombine";
			requirement = {
				kind = upToNextMajorVersion;
				minimumVersion = 1.0.0;
			};
		};
		4CFB1C5A25D5BBC900AA7374 /* XCRemoteSwiftPackageReference "swift-composable-architecture" */ = {
			isa = XCRemoteSwiftPackageReference;
			repositoryURL = "https://github.com/pointfreeco/swift-composable-architecture";
			requirement = {
				kind = upToNextMajorVersion;
				minimumVersion = 0.14.0;
			};
		};
/* End XCRemoteSwiftPackageReference section */

/* Begin XCSwiftPackageProductDependency section */
		4C3CCC7324B396D5008F0699 /* SwiftPastTen */ = {
			isa = XCSwiftPackageProductDependency;
			package = 4C3B32EB242BCE5300D17D70 /* XCRemoteSwiftPackageReference "SwiftPastTen" */;
			productName = SwiftPastTen;
		};
		4C3CCC7524B396D5008F0699 /* SwiftClockUI */ = {
			isa = XCSwiftPackageProductDependency;
			package = 4C3B32EE242BD11700D17D70 /* XCRemoteSwiftPackageReference "SwiftClockUI" */;
			productName = SwiftClockUI;
		};
		4C474A40243702CA00DDD53C /* SnapshotTesting */ = {
			isa = XCSwiftPackageProductDependency;
			package = 4CAE627A24367DB100E57FAC /* XCRemoteSwiftPackageReference "swift-snapshot-testing" */;
			productName = SnapshotTesting;
		};
		4C61D58924A52AE20033B689 /* SwiftPastTen */ = {
			isa = XCSwiftPackageProductDependency;
			package = 4C3B32EB242BCE5300D17D70 /* XCRemoteSwiftPackageReference "SwiftPastTen" */;
			productName = SwiftPastTen;
		};
		4C61D58B24A52AE20033B689 /* SwiftClockUI */ = {
			isa = XCSwiftPackageProductDependency;
			package = 4C3B32EE242BD11700D17D70 /* XCRemoteSwiftPackageReference "SwiftClockUI" */;
			productName = SwiftClockUI;
		};
		4C86575325531EB20040EA04 /* RenaudJennyAboutView */ = {
			isa = XCSwiftPackageProductDependency;
			package = 4C86575225531EB20040EA04 /* XCRemoteSwiftPackageReference "RenaudJennyAboutView" */;
			productName = RenaudJennyAboutView;
		};
		4CF452A524E036CE00C34A0F /* SwiftTTSCombine */ = {
			isa = XCSwiftPackageProductDependency;
			package = 4CF452A424E036CE00C34A0F /* XCRemoteSwiftPackageReference "SwiftTTSCombine" */;
			productName = SwiftTTSCombine;
		};
		4CFB1C5B25D5BBC900AA7374 /* ComposableArchitecture */ = {
			isa = XCSwiftPackageProductDependency;
			package = 4CFB1C5A25D5BBC900AA7374 /* XCRemoteSwiftPackageReference "swift-composable-architecture" */;
			productName = ComposableArchitecture;
		};
/* End XCSwiftPackageProductDependency section */
	};
	rootObject = 4CB1D4B022A7293300786385 /* Project object */;
}
