// !$*UTF8*$!
{
	archiveVersion = 1;
	classes = {
	};
	objectVersion = 52;
	objects = {

/* Begin PBXBuildFile section */
		4C03BC8223550A0C00442B11 /* ConfigurationView.swift in Sources */ = {isa = PBXBuildFile; fileRef = 4C03BC8123550A0C00442B11 /* ConfigurationView.swift */; };
		4C32F1082419765A00BAFB3A /* Calendar+Test.swift in Sources */ = {isa = PBXBuildFile; fileRef = 4C32F1072419765A00BAFB3A /* Calendar+Test.swift */; };
		4C460CA524443D53006D02EA /* RandomDateEnvironment.swift in Sources */ = {isa = PBXBuildFile; fileRef = 4C460CA424443D53006D02EA /* RandomDateEnvironment.swift */; };
		4C460CAF2444D6A5006D02EA /* TellTimeEnvironment.swift in Sources */ = {isa = PBXBuildFile; fileRef = 4C460CAE2444D6A5006D02EA /* TellTimeEnvironment.swift */; };
		4C474A41243702CA00DDD53C /* SnapshotTesting in Frameworks */ = {isa = PBXBuildFile; productRef = 4C474A40243702CA00DDD53C /* SnapshotTesting */; };
		4C474A44243702E700DDD53C /* SPMLibraries.framework in Frameworks */ = {isa = PBXBuildFile; fileRef = 4CAE628024367E1F00E57FAC /* SPMLibraries.framework */; };
		4C61581B23CCF3E400243A5E /* ConfigurationViewTests.swift in Sources */ = {isa = PBXBuildFile; fileRef = 4C61581A23CCF3E400243A5E /* ConfigurationViewTests.swift */; };
		4C6C9CE223592C56004EF6A5 /* SpeakButton.swift in Sources */ = {isa = PBXBuildFile; fileRef = 4C6C9CE123592C56004EF6A5 /* SpeakButton.swift */; };
		4C6FB8932448CEED00C527A1 /* Calendar+Preview.swift in Sources */ = {isa = PBXBuildFile; fileRef = 4C6FB8922448CEED00C527A1 /* Calendar+Preview.swift */; };
		4CA7CEE12438D028004FC5EC /* SPMLibraries.framework in Frameworks */ = {isa = PBXBuildFile; fileRef = 4CAE628024367E1F00E57FAC /* SPMLibraries.framework */; };
		4CAE628924367E5300E57FAC /* SwiftPastTen in Frameworks */ = {isa = PBXBuildFile; productRef = 4CAE628824367E5300E57FAC /* SwiftPastTen */; };
		4CAE628B24367E5300E57FAC /* SwiftClockUI in Frameworks */ = {isa = PBXBuildFile; productRef = 4CAE628A24367E5300E57FAC /* SwiftClockUI */; };
		4CAE628E24367E7500E57FAC /* SPMLibraries.framework in Frameworks */ = {isa = PBXBuildFile; fileRef = 4CAE628024367E1F00E57FAC /* SPMLibraries.framework */; };
		4CAE628F24367E7500E57FAC /* SPMLibraries.framework in Embed Frameworks */ = {isa = PBXBuildFile; fileRef = 4CAE628024367E1F00E57FAC /* SPMLibraries.framework */; settings = {ATTRIBUTES = (CodeSignOnCopy, RemoveHeadersOnCopy, ); }; };
		4CB1D4BC22A7293300786385 /* AppDelegate.swift in Sources */ = {isa = PBXBuildFile; fileRef = 4CB1D4BB22A7293300786385 /* AppDelegate.swift */; };
		4CB1D4BE22A7293300786385 /* SceneDelegate.swift in Sources */ = {isa = PBXBuildFile; fileRef = 4CB1D4BD22A7293300786385 /* SceneDelegate.swift */; };
		4CB1D4C022A7293300786385 /* TellTimeView.swift in Sources */ = {isa = PBXBuildFile; fileRef = 4CB1D4BF22A7293300786385 /* TellTimeView.swift */; };
		4CB1D4C222A7293500786385 /* Assets.xcassets in Resources */ = {isa = PBXBuildFile; fileRef = 4CB1D4C122A7293500786385 /* Assets.xcassets */; };
		4CB1D4C522A7293500786385 /* Preview Assets.xcassets in Resources */ = {isa = PBXBuildFile; fileRef = 4CB1D4C422A7293500786385 /* Preview Assets.xcassets */; };
		4CB1D4C822A7293500786385 /* LaunchScreen.storyboard in Resources */ = {isa = PBXBuildFile; fileRef = 4CB1D4C622A7293500786385 /* LaunchScreen.storyboard */; };
		4CB1D4D322A7293500786385 /* telltimeTests.swift in Sources */ = {isa = PBXBuildFile; fileRef = 4CB1D4D222A7293500786385 /* telltimeTests.swift */; };
		4CB965F623CE3C8A00B40F83 /* SpeakButtonTests.swift in Sources */ = {isa = PBXBuildFile; fileRef = 4CB965F523CE3C8A00B40F83 /* SpeakButtonTests.swift */; };
		4CB965F823D6412900B40F83 /* AboutViewTests.swift in Sources */ = {isa = PBXBuildFile; fileRef = 4CB965F723D6412800B40F83 /* AboutViewTests.swift */; };
		4CC0406722B530EC0001AA50 /* TTS.swift in Sources */ = {isa = PBXBuildFile; fileRef = 4CC0406622B530EC0001AA50 /* TTS.swift */; };
		4CCBFD0D23F870CA004EFBD8 /* NotificationCenter.framework in Frameworks */ = {isa = PBXBuildFile; fileRef = 4CCBFD0C23F870CA004EFBD8 /* NotificationCenter.framework */; };
		4CCBFD1023F870CA004EFBD8 /* TodayViewController.swift in Sources */ = {isa = PBXBuildFile; fileRef = 4CCBFD0F23F870CA004EFBD8 /* TodayViewController.swift */; };
		4CCBFD1323F870CA004EFBD8 /* MainInterface.storyboard in Resources */ = {isa = PBXBuildFile; fileRef = 4CCBFD1123F870CA004EFBD8 /* MainInterface.storyboard */; };
		4CCBFD1723F870CA004EFBD8 /* widget.appex in Embed App Extensions */ = {isa = PBXBuildFile; fileRef = 4CCBFD0A23F870CA004EFBD8 /* widget.appex */; settings = {ATTRIBUTES = (RemoveHeadersOnCopy, ); }; };
		4CCF193A234E665A002E6D46 /* PreviewLayout+PredefinedDevice.swift in Sources */ = {isa = PBXBuildFile; fileRef = 4CCF1939234E665A002E6D46 /* PreviewLayout+PredefinedDevice.swift */; };
		4CD270C223BB9375004536D6 /* TTSTests.swift in Sources */ = {isa = PBXBuildFile; fileRef = 4CD270C123BB9375004536D6 /* TTSTests.swift */; };
		4CD270D823C3AC92004536D6 /* BDD.swift in Sources */ = {isa = PBXBuildFile; fileRef = 4CD270D723C3AC92004536D6 /* BDD.swift */; };
		4CDD4A802336E64E004BE734 /* AboutView.swift in Sources */ = {isa = PBXBuildFile; fileRef = 4CDD4A7F2336E64E004BE734 /* AboutView.swift */; };
		4CEB6042238ADEAF0085B07C /* App.swift in Sources */ = {isa = PBXBuildFile; fileRef = 4CEB6041238ADEAF0085B07C /* App.swift */; };
		4CEB6044238ADEE10085B07C /* Store.swift in Sources */ = {isa = PBXBuildFile; fileRef = 4CEB6043238ADEE10085B07C /* Store.swift */; };
		4CEB604A238C82A30085B07C /* Configuration.swift in Sources */ = {isa = PBXBuildFile; fileRef = 4CEB6049238C82A30085B07C /* Configuration.swift */; };
		4CFD817023A2EA5A00A97C77 /* Engine.swift in Sources */ = {isa = PBXBuildFile; fileRef = 4CFD816F23A2EA5A00A97C77 /* Engine.swift */; };
		4CFD817223A42EA000A97C77 /* ConfigurationTests.swift in Sources */ = {isa = PBXBuildFile; fileRef = 4CFD817123A42EA000A97C77 /* ConfigurationTests.swift */; };
/* End PBXBuildFile section */

/* Begin PBXContainerItemProxy section */
		4CAE629024367E7500E57FAC /* PBXContainerItemProxy */ = {
			isa = PBXContainerItemProxy;
			containerPortal = 4CB1D4B022A7293300786385 /* Project object */;
			proxyType = 1;
			remoteGlobalIDString = 4CAE627F24367E1F00E57FAC;
			remoteInfo = SPMLibraries;
		};
		4CB1D4CF22A7293500786385 /* PBXContainerItemProxy */ = {
			isa = PBXContainerItemProxy;
			containerPortal = 4CB1D4B022A7293300786385 /* Project object */;
			proxyType = 1;
			remoteGlobalIDString = 4CB1D4B722A7293300786385;
			remoteInfo = telltime;
		};
		4CCBFD1523F870CA004EFBD8 /* PBXContainerItemProxy */ = {
			isa = PBXContainerItemProxy;
			containerPortal = 4CB1D4B022A7293300786385 /* Project object */;
			proxyType = 1;
			remoteGlobalIDString = 4CCBFD0923F870CA004EFBD8;
			remoteInfo = widget;
		};
/* End PBXContainerItemProxy section */

/* Begin PBXCopyFilesBuildPhase section */
		4C3B32F2242BD11800D17D70 /* Embed Frameworks */ = {
			isa = PBXCopyFilesBuildPhase;
			buildActionMask = 2147483647;
			dstPath = "";
			dstSubfolderSpec = 10;
			files = (
				4CAE628F24367E7500E57FAC /* SPMLibraries.framework in Embed Frameworks */,
			);
			name = "Embed Frameworks";
			runOnlyForDeploymentPostprocessing = 0;
		};
		4CCBFD1823F870CA004EFBD8 /* Embed App Extensions */ = {
			isa = PBXCopyFilesBuildPhase;
			buildActionMask = 2147483647;
			dstPath = "";
			dstSubfolderSpec = 13;
			files = (
				4CCBFD1723F870CA004EFBD8 /* widget.appex in Embed App Extensions */,
			);
			name = "Embed App Extensions";
			runOnlyForDeploymentPostprocessing = 0;
		};
/* End PBXCopyFilesBuildPhase section */

/* Begin PBXFileReference section */
		4C03BC8123550A0C00442B11 /* ConfigurationView.swift */ = {isa = PBXFileReference; lastKnownFileType = sourcecode.swift; path = ConfigurationView.swift; sourceTree = "<group>"; };
		4C32F1072419765A00BAFB3A /* Calendar+Test.swift */ = {isa = PBXFileReference; fileEncoding = 4; lastKnownFileType = sourcecode.swift; path = "Calendar+Test.swift"; sourceTree = "<group>"; };
		4C460CA424443D53006D02EA /* RandomDateEnvironment.swift */ = {isa = PBXFileReference; lastKnownFileType = sourcecode.swift; path = RandomDateEnvironment.swift; sourceTree = "<group>"; };
		4C460CAE2444D6A5006D02EA /* TellTimeEnvironment.swift */ = {isa = PBXFileReference; lastKnownFileType = sourcecode.swift; path = TellTimeEnvironment.swift; sourceTree = "<group>"; };
		4C61581A23CCF3E400243A5E /* ConfigurationViewTests.swift */ = {isa = PBXFileReference; lastKnownFileType = sourcecode.swift; path = ConfigurationViewTests.swift; sourceTree = "<group>"; };
		4C6C9CE123592C56004EF6A5 /* SpeakButton.swift */ = {isa = PBXFileReference; lastKnownFileType = sourcecode.swift; path = SpeakButton.swift; sourceTree = "<group>"; };
		4C6FB8922448CEED00C527A1 /* Calendar+Preview.swift */ = {isa = PBXFileReference; lastKnownFileType = sourcecode.swift; path = "Calendar+Preview.swift"; sourceTree = "<group>"; };
		4CAE628024367E1F00E57FAC /* SPMLibraries.framework */ = {isa = PBXFileReference; explicitFileType = wrapper.framework; includeInIndex = 0; path = SPMLibraries.framework; sourceTree = BUILT_PRODUCTS_DIR; };
		4CAE628324367E1F00E57FAC /* Info.plist */ = {isa = PBXFileReference; lastKnownFileType = text.plist.xml; path = Info.plist; sourceTree = "<group>"; };
		4CB1D4B822A7293300786385 /* Tell Time UK.app */ = {isa = PBXFileReference; explicitFileType = wrapper.application; includeInIndex = 0; path = "Tell Time UK.app"; sourceTree = BUILT_PRODUCTS_DIR; };
		4CB1D4BB22A7293300786385 /* AppDelegate.swift */ = {isa = PBXFileReference; lastKnownFileType = sourcecode.swift; path = AppDelegate.swift; sourceTree = "<group>"; };
		4CB1D4BD22A7293300786385 /* SceneDelegate.swift */ = {isa = PBXFileReference; lastKnownFileType = sourcecode.swift; path = SceneDelegate.swift; sourceTree = "<group>"; };
		4CB1D4BF22A7293300786385 /* TellTimeView.swift */ = {isa = PBXFileReference; lastKnownFileType = sourcecode.swift; path = TellTimeView.swift; sourceTree = "<group>"; };
		4CB1D4C122A7293500786385 /* Assets.xcassets */ = {isa = PBXFileReference; lastKnownFileType = folder.assetcatalog; path = Assets.xcassets; sourceTree = "<group>"; };
		4CB1D4C422A7293500786385 /* Preview Assets.xcassets */ = {isa = PBXFileReference; lastKnownFileType = folder.assetcatalog; path = "Preview Assets.xcassets"; sourceTree = "<group>"; };
		4CB1D4C722A7293500786385 /* Base */ = {isa = PBXFileReference; lastKnownFileType = file.storyboard; name = Base; path = Base.lproj/LaunchScreen.storyboard; sourceTree = "<group>"; };
		4CB1D4C922A7293500786385 /* Info.plist */ = {isa = PBXFileReference; lastKnownFileType = text.plist.xml; path = Info.plist; sourceTree = "<group>"; };
		4CB1D4CE22A7293500786385 /* telltimeTests.xctest */ = {isa = PBXFileReference; explicitFileType = wrapper.cfbundle; includeInIndex = 0; path = telltimeTests.xctest; sourceTree = BUILT_PRODUCTS_DIR; };
		4CB1D4D222A7293500786385 /* telltimeTests.swift */ = {isa = PBXFileReference; lastKnownFileType = sourcecode.swift; path = telltimeTests.swift; sourceTree = "<group>"; };
		4CB1D4D422A7293500786385 /* Info.plist */ = {isa = PBXFileReference; lastKnownFileType = text.plist.xml; path = Info.plist; sourceTree = "<group>"; };
		4CB965F523CE3C8A00B40F83 /* SpeakButtonTests.swift */ = {isa = PBXFileReference; lastKnownFileType = sourcecode.swift; path = SpeakButtonTests.swift; sourceTree = "<group>"; };
		4CB965F723D6412800B40F83 /* AboutViewTests.swift */ = {isa = PBXFileReference; lastKnownFileType = sourcecode.swift; path = AboutViewTests.swift; sourceTree = "<group>"; };
		4CC0406622B530EC0001AA50 /* TTS.swift */ = {isa = PBXFileReference; lastKnownFileType = sourcecode.swift; path = TTS.swift; sourceTree = "<group>"; };
		4CCBFD0A23F870CA004EFBD8 /* widget.appex */ = {isa = PBXFileReference; explicitFileType = "wrapper.app-extension"; includeInIndex = 0; path = widget.appex; sourceTree = BUILT_PRODUCTS_DIR; };
		4CCBFD0C23F870CA004EFBD8 /* NotificationCenter.framework */ = {isa = PBXFileReference; lastKnownFileType = wrapper.framework; name = NotificationCenter.framework; path = System/Library/Frameworks/NotificationCenter.framework; sourceTree = SDKROOT; };
		4CCBFD0F23F870CA004EFBD8 /* TodayViewController.swift */ = {isa = PBXFileReference; lastKnownFileType = sourcecode.swift; path = TodayViewController.swift; sourceTree = "<group>"; };
		4CCBFD1223F870CA004EFBD8 /* Base */ = {isa = PBXFileReference; lastKnownFileType = file.storyboard; name = Base; path = Base.lproj/MainInterface.storyboard; sourceTree = "<group>"; };
		4CCBFD1423F870CA004EFBD8 /* Info.plist */ = {isa = PBXFileReference; lastKnownFileType = text.plist.xml; path = Info.plist; sourceTree = "<group>"; };
		4CCF1939234E665A002E6D46 /* PreviewLayout+PredefinedDevice.swift */ = {isa = PBXFileReference; lastKnownFileType = sourcecode.swift; path = "PreviewLayout+PredefinedDevice.swift"; sourceTree = "<group>"; };
		4CD270C123BB9375004536D6 /* TTSTests.swift */ = {isa = PBXFileReference; lastKnownFileType = sourcecode.swift; path = TTSTests.swift; sourceTree = "<group>"; };
		4CD270D723C3AC92004536D6 /* BDD.swift */ = {isa = PBXFileReference; lastKnownFileType = sourcecode.swift; path = BDD.swift; sourceTree = "<group>"; };
		4CDD4A7F2336E64E004BE734 /* AboutView.swift */ = {isa = PBXFileReference; lastKnownFileType = sourcecode.swift; path = AboutView.swift; sourceTree = "<group>"; };
		4CEB6041238ADEAF0085B07C /* App.swift */ = {isa = PBXFileReference; lastKnownFileType = sourcecode.swift; path = App.swift; sourceTree = "<group>"; };
		4CEB6043238ADEE10085B07C /* Store.swift */ = {isa = PBXFileReference; lastKnownFileType = sourcecode.swift; path = Store.swift; sourceTree = "<group>"; };
		4CEB6049238C82A30085B07C /* Configuration.swift */ = {isa = PBXFileReference; lastKnownFileType = sourcecode.swift; path = Configuration.swift; sourceTree = "<group>"; };
		4CFD816F23A2EA5A00A97C77 /* Engine.swift */ = {isa = PBXFileReference; lastKnownFileType = sourcecode.swift; path = Engine.swift; sourceTree = "<group>"; };
		4CFD817123A42EA000A97C77 /* ConfigurationTests.swift */ = {isa = PBXFileReference; lastKnownFileType = sourcecode.swift; path = ConfigurationTests.swift; sourceTree = "<group>"; };
/* End PBXFileReference section */

/* Begin PBXFrameworksBuildPhase section */
		4CAE627D24367E1F00E57FAC /* Frameworks */ = {
			isa = PBXFrameworksBuildPhase;
			buildActionMask = 2147483647;
			files = (
				4CAE628924367E5300E57FAC /* SwiftPastTen in Frameworks */,
				4CAE628B24367E5300E57FAC /* SwiftClockUI in Frameworks */,
			);
			runOnlyForDeploymentPostprocessing = 0;
		};
		4CB1D4B522A7293300786385 /* Frameworks */ = {
			isa = PBXFrameworksBuildPhase;
			buildActionMask = 2147483647;
			files = (
				4CAE628E24367E7500E57FAC /* SPMLibraries.framework in Frameworks */,
			);
			runOnlyForDeploymentPostprocessing = 0;
		};
		4CB1D4CB22A7293500786385 /* Frameworks */ = {
			isa = PBXFrameworksBuildPhase;
			buildActionMask = 2147483647;
			files = (
				4C474A44243702E700DDD53C /* SPMLibraries.framework in Frameworks */,
				4C474A41243702CA00DDD53C /* SnapshotTesting in Frameworks */,
			);
			runOnlyForDeploymentPostprocessing = 0;
		};
		4CCBFD0723F870CA004EFBD8 /* Frameworks */ = {
			isa = PBXFrameworksBuildPhase;
			buildActionMask = 2147483647;
			files = (
				4CA7CEE12438D028004FC5EC /* SPMLibraries.framework in Frameworks */,
				4CCBFD0D23F870CA004EFBD8 /* NotificationCenter.framework in Frameworks */,
			);
			runOnlyForDeploymentPostprocessing = 0;
		};
/* End PBXFrameworksBuildPhase section */

/* Begin PBXGroup section */
		4C03BC80235509DE00442B11 /* Configuration */ = {
			isa = PBXGroup;
			children = (
				4CEB6049238C82A30085B07C /* Configuration.swift */,
				4C03BC8123550A0C00442B11 /* ConfigurationView.swift */,
			);
			path = Configuration;
			sourceTree = "<group>";
		};
		4C05AB5B2343FB9400970036 /* App */ = {
			isa = PBXGroup;
			children = (
				4CEB6041238ADEAF0085B07C /* App.swift */,
				4CB1D4BB22A7293300786385 /* AppDelegate.swift */,
				4CB1D4C622A7293500786385 /* LaunchScreen.storyboard */,
				4CB1D4BD22A7293300786385 /* SceneDelegate.swift */,
			);
			path = App;
			sourceTree = "<group>";
		};
		4C05AB5C2343FBC400970036 /* About */ = {
			isa = PBXGroup;
			children = (
				4CDD4A7F2336E64E004BE734 /* AboutView.swift */,
			);
			path = About;
			sourceTree = "<group>";
		};
		4C05AB5F2343FC2700970036 /* Common */ = {
			isa = PBXGroup;
			children = (
				4CEB6043238ADEE10085B07C /* Store.swift */,
				4CCF1939234E665A002E6D46 /* PreviewLayout+PredefinedDevice.swift */,
				4C6FB8922448CEED00C527A1 /* Calendar+Preview.swift */,
			);
			path = Common;
			sourceTree = "<group>";
		};
		4C460CA324443CEE006D02EA /* Environment */ = {
			isa = PBXGroup;
			children = (
				4C460CA424443D53006D02EA /* RandomDateEnvironment.swift */,
				4C460CAE2444D6A5006D02EA /* TellTimeEnvironment.swift */,
			);
			path = Environment;
			sourceTree = "<group>";
		};
		4C61581923CCF3C900243A5E /* Configuration */ = {
			isa = PBXGroup;
			children = (
				4CFD817123A42EA000A97C77 /* ConfigurationTests.swift */,
				4C61581A23CCF3E400243A5E /* ConfigurationViewTests.swift */,
			);
			path = Configuration;
			sourceTree = "<group>";
		};
		4CAE628124367E1F00E57FAC /* SPMLibraries */ = {
			isa = PBXGroup;
			children = (
				4CAE628324367E1F00E57FAC /* Info.plist */,
			);
			path = SPMLibraries;
			sourceTree = "<group>";
		};
		4CB1D4AF22A7293300786385 = {
			isa = PBXGroup;
			children = (
				4CCBFD0B23F870CA004EFBD8 /* Frameworks */,
				4CB1D4B922A7293300786385 /* Products */,
				4CAE628124367E1F00E57FAC /* SPMLibraries */,
				4CB1D4BA22A7293300786385 /* telltime */,
				4CB1D4D122A7293500786385 /* telltimeTests */,
				4CCBFD0E23F870CA004EFBD8 /* widget */,
			);
			sourceTree = "<group>";
		};
		4CB1D4B922A7293300786385 /* Products */ = {
			isa = PBXGroup;
			children = (
				4CB1D4B822A7293300786385 /* Tell Time UK.app */,
				4CB1D4CE22A7293500786385 /* telltimeTests.xctest */,
				4CCBFD0A23F870CA004EFBD8 /* widget.appex */,
				4CAE628024367E1F00E57FAC /* SPMLibraries.framework */,
			);
			name = Products;
			sourceTree = "<group>";
		};
		4CB1D4BA22A7293300786385 /* telltime */ = {
			isa = PBXGroup;
			children = (
				4C05AB5C2343FBC400970036 /* About */,
				4C05AB5B2343FB9400970036 /* App */,
				4CB1D4C122A7293500786385 /* Assets.xcassets */,
				4C05AB5F2343FC2700970036 /* Common */,
				4C03BC80235509DE00442B11 /* Configuration */,
				4C460CA324443CEE006D02EA /* Environment */,
				4CB1D4C922A7293500786385 /* Info.plist */,
				4CB1D4C322A7293500786385 /* Preview Content */,
				4CB1D4BF22A7293300786385 /* TellTimeView.swift */,
				4CD0504B23A2D47000BD9C34 /* TTS */,
			);
			path = telltime;
			sourceTree = "<group>";
		};
		4CB1D4C322A7293500786385 /* Preview Content */ = {
			isa = PBXGroup;
			children = (
				4CB1D4C422A7293500786385 /* Preview Assets.xcassets */,
			);
			path = "Preview Content";
			sourceTree = "<group>";
		};
		4CB1D4D122A7293500786385 /* telltimeTests */ = {
			isa = PBXGroup;
			children = (
				4CB965F723D6412800B40F83 /* AboutViewTests.swift */,
				4CD270D723C3AC92004536D6 /* BDD.swift */,
				4C32F1072419765A00BAFB3A /* Calendar+Test.swift */,
				4C61581923CCF3C900243A5E /* Configuration */,
				4CB1D4D422A7293500786385 /* Info.plist */,
				4CB1D4D222A7293500786385 /* telltimeTests.swift */,
				4CD270C023BB935A004536D6 /* TTS */,
			);
			path = telltimeTests;
			sourceTree = "<group>";
		};
		4CCBFD0B23F870CA004EFBD8 /* Frameworks */ = {
			isa = PBXGroup;
			children = (
				4CCBFD0C23F870CA004EFBD8 /* NotificationCenter.framework */,
			);
			name = Frameworks;
			sourceTree = "<group>";
		};
		4CCBFD0E23F870CA004EFBD8 /* widget */ = {
			isa = PBXGroup;
			children = (
				4CCBFD0F23F870CA004EFBD8 /* TodayViewController.swift */,
				4CCBFD1123F870CA004EFBD8 /* MainInterface.storyboard */,
				4CCBFD1423F870CA004EFBD8 /* Info.plist */,
			);
			path = widget;
			sourceTree = "<group>";
		};
		4CD0504B23A2D47000BD9C34 /* TTS */ = {
			isa = PBXGroup;
			children = (
				4C6C9CE123592C56004EF6A5 /* SpeakButton.swift */,
				4CC0406622B530EC0001AA50 /* TTS.swift */,
				4CFD816F23A2EA5A00A97C77 /* Engine.swift */,
			);
			path = TTS;
			sourceTree = "<group>";
		};
		4CD270C023BB935A004536D6 /* TTS */ = {
			isa = PBXGroup;
			children = (
				4CD270C123BB9375004536D6 /* TTSTests.swift */,
				4CB965F523CE3C8A00B40F83 /* SpeakButtonTests.swift */,
			);
			path = TTS;
			sourceTree = "<group>";
		};
/* End PBXGroup section */

/* Begin PBXHeadersBuildPhase section */
		4CAE627B24367E1F00E57FAC /* Headers */ = {
			isa = PBXHeadersBuildPhase;
			buildActionMask = 2147483647;
			files = (
			);
			runOnlyForDeploymentPostprocessing = 0;
		};
/* End PBXHeadersBuildPhase section */

/* Begin PBXNativeTarget section */
		4CAE627F24367E1F00E57FAC /* SPMLibraries */ = {
			isa = PBXNativeTarget;
			buildConfigurationList = 4CAE628524367E1F00E57FAC /* Build configuration list for PBXNativeTarget "SPMLibraries" */;
			buildPhases = (
				4CAE627B24367E1F00E57FAC /* Headers */,
				4CAE627C24367E1F00E57FAC /* Sources */,
				4CAE627D24367E1F00E57FAC /* Frameworks */,
				4CAE627E24367E1F00E57FAC /* Resources */,
			);
			buildRules = (
			);
			dependencies = (
			);
			name = SPMLibraries;
			packageProductDependencies = (
				4CAE628824367E5300E57FAC /* SwiftPastTen */,
				4CAE628A24367E5300E57FAC /* SwiftClockUI */,
			);
			productName = SPMLibraries;
			productReference = 4CAE628024367E1F00E57FAC /* SPMLibraries.framework */;
			productType = "com.apple.product-type.framework";
		};
		4CB1D4B722A7293300786385 /* telltime */ = {
			isa = PBXNativeTarget;
			buildConfigurationList = 4CB1D4E222A7293500786385 /* Build configuration list for PBXNativeTarget "telltime" */;
			buildPhases = (
				4CB1D4B422A7293300786385 /* Sources */,
				4CB1D4B522A7293300786385 /* Frameworks */,
				4CB1D4B622A7293300786385 /* Resources */,
				4CC35E0B23429E7700D9C8D6 /* ShellScript */,
				4CCBFD1823F870CA004EFBD8 /* Embed App Extensions */,
				4C3B32F2242BD11800D17D70 /* Embed Frameworks */,
			);
			buildRules = (
			);
			dependencies = (
				4CCBFD1623F870CA004EFBD8 /* PBXTargetDependency */,
				4CAE629124367E7500E57FAC /* PBXTargetDependency */,
			);
			name = telltime;
			packageProductDependencies = (
			);
			productName = telltime;
			productReference = 4CB1D4B822A7293300786385 /* Tell Time UK.app */;
			productType = "com.apple.product-type.application";
		};
		4CB1D4CD22A7293500786385 /* telltimeTests */ = {
			isa = PBXNativeTarget;
			buildConfigurationList = 4CB1D4E522A7293500786385 /* Build configuration list for PBXNativeTarget "telltimeTests" */;
			buildPhases = (
				4CB1D4CA22A7293500786385 /* Sources */,
				4CB1D4CB22A7293500786385 /* Frameworks */,
				4CB1D4CC22A7293500786385 /* Resources */,
			);
			buildRules = (
			);
			dependencies = (
				4CB1D4D022A7293500786385 /* PBXTargetDependency */,
			);
			name = telltimeTests;
			packageProductDependencies = (
				4C474A40243702CA00DDD53C /* SnapshotTesting */,
			);
			productName = telltimeTests;
			productReference = 4CB1D4CE22A7293500786385 /* telltimeTests.xctest */;
			productType = "com.apple.product-type.bundle.unit-test";
		};
		4CCBFD0923F870CA004EFBD8 /* widget */ = {
			isa = PBXNativeTarget;
			buildConfigurationList = 4CCBFD1B23F870CA004EFBD8 /* Build configuration list for PBXNativeTarget "widget" */;
			buildPhases = (
				4CCBFD0623F870CA004EFBD8 /* Sources */,
				4CCBFD0723F870CA004EFBD8 /* Frameworks */,
				4CCBFD0823F870CA004EFBD8 /* Resources */,
			);
			buildRules = (
			);
			dependencies = (
			);
			name = widget;
			packageProductDependencies = (
			);
			productName = widget;
			productReference = 4CCBFD0A23F870CA004EFBD8 /* widget.appex */;
			productType = "com.apple.product-type.app-extension";
		};
/* End PBXNativeTarget section */

/* Begin PBXProject section */
		4CB1D4B022A7293300786385 /* Project object */ = {
			isa = PBXProject;
			attributes = {
				LastSwiftUpdateCheck = 1130;
				LastUpgradeCheck = 1100;
				ORGANIZATIONNAME = "Renaud JENNY";
				TargetAttributes = {
					4CAE627F24367E1F00E57FAC = {
						CreatedOnToolsVersion = 11.4;
					};
					4CB1D4B722A7293300786385 = {
						CreatedOnToolsVersion = 11.0;
					};
					4CB1D4CD22A7293500786385 = {
						CreatedOnToolsVersion = 11.0;
						TestTargetID = 4CB1D4B722A7293300786385;
					};
					4CCBFD0923F870CA004EFBD8 = {
						CreatedOnToolsVersion = 11.3.1;
					};
				};
			};
			buildConfigurationList = 4CB1D4B322A7293300786385 /* Build configuration list for PBXProject "telltime" */;
			compatibilityVersion = "Xcode 9.3";
			developmentRegion = en;
			hasScannedForEncodings = 0;
			knownRegions = (
				en,
				Base,
			);
			mainGroup = 4CB1D4AF22A7293300786385;
			packageReferences = (
				4C3B32EB242BCE5300D17D70 /* XCRemoteSwiftPackageReference "SwiftPastTen" */,
				4C3B32EE242BD11700D17D70 /* XCRemoteSwiftPackageReference "SwiftClockUI" */,
				4CAE627A24367DB100E57FAC /* XCRemoteSwiftPackageReference "swift-snapshot-testing" */,
			);
			productRefGroup = 4CB1D4B922A7293300786385 /* Products */;
			projectDirPath = "";
			projectRoot = "";
			targets = (
				4CB1D4B722A7293300786385 /* telltime */,
				4CB1D4CD22A7293500786385 /* telltimeTests */,
				4CCBFD0923F870CA004EFBD8 /* widget */,
				4CAE627F24367E1F00E57FAC /* SPMLibraries */,
			);
		};
/* End PBXProject section */

/* Begin PBXResourcesBuildPhase section */
		4CAE627E24367E1F00E57FAC /* Resources */ = {
			isa = PBXResourcesBuildPhase;
			buildActionMask = 2147483647;
			files = (
			);
			runOnlyForDeploymentPostprocessing = 0;
		};
		4CB1D4B622A7293300786385 /* Resources */ = {
			isa = PBXResourcesBuildPhase;
			buildActionMask = 2147483647;
			files = (
				4CB1D4C822A7293500786385 /* LaunchScreen.storyboard in Resources */,
				4CB1D4C522A7293500786385 /* Preview Assets.xcassets in Resources */,
				4CB1D4C222A7293500786385 /* Assets.xcassets in Resources */,
			);
			runOnlyForDeploymentPostprocessing = 0;
		};
		4CB1D4CC22A7293500786385 /* Resources */ = {
			isa = PBXResourcesBuildPhase;
			buildActionMask = 2147483647;
			files = (
			);
			runOnlyForDeploymentPostprocessing = 0;
		};
		4CCBFD0823F870CA004EFBD8 /* Resources */ = {
			isa = PBXResourcesBuildPhase;
			buildActionMask = 2147483647;
			files = (
				4CCBFD1323F870CA004EFBD8 /* MainInterface.storyboard in Resources */,
			);
			runOnlyForDeploymentPostprocessing = 0;
		};
/* End PBXResourcesBuildPhase section */

/* Begin PBXShellScriptBuildPhase section */
		4CC35E0B23429E7700D9C8D6 /* ShellScript */ = {
			isa = PBXShellScriptBuildPhase;
			buildActionMask = 2147483647;
			files = (
			);
			inputFileListPaths = (
			);
			inputPaths = (
			);
			outputFileListPaths = (
			);
			outputPaths = (
			);
			runOnlyForDeploymentPostprocessing = 0;
			shellPath = /bin/sh;
			shellScript = "if which swiftlint >/dev/null; then\n  swiftlint\nelse\n  echo \"warning: SwiftLint not installed, download from https://github.com/realm/SwiftLint\"\nfi\n";
		};
/* End PBXShellScriptBuildPhase section */

/* Begin PBXSourcesBuildPhase section */
		4CAE627C24367E1F00E57FAC /* Sources */ = {
			isa = PBXSourcesBuildPhase;
			buildActionMask = 2147483647;
			files = (
			);
			runOnlyForDeploymentPostprocessing = 0;
		};
		4CB1D4B422A7293300786385 /* Sources */ = {
			isa = PBXSourcesBuildPhase;
			buildActionMask = 2147483647;
			files = (
				4C6FB8932448CEED00C527A1 /* Calendar+Preview.swift in Sources */,
				4CEB6042238ADEAF0085B07C /* App.swift in Sources */,
				4CCF193A234E665A002E6D46 /* PreviewLayout+PredefinedDevice.swift in Sources */,
				4CC0406722B530EC0001AA50 /* TTS.swift in Sources */,
				4C03BC8223550A0C00442B11 /* ConfigurationView.swift in Sources */,
				4C460CA524443D53006D02EA /* RandomDateEnvironment.swift in Sources */,
				4CEB604A238C82A30085B07C /* Configuration.swift in Sources */,
				4C6C9CE223592C56004EF6A5 /* SpeakButton.swift in Sources */,
				4CB1D4BC22A7293300786385 /* AppDelegate.swift in Sources */,
				4CB1D4BE22A7293300786385 /* SceneDelegate.swift in Sources */,
				4CDD4A802336E64E004BE734 /* AboutView.swift in Sources */,
				4C460CAF2444D6A5006D02EA /* TellTimeEnvironment.swift in Sources */,
				4CB1D4C022A7293300786385 /* TellTimeView.swift in Sources */,
				4CEB6044238ADEE10085B07C /* Store.swift in Sources */,
				4CFD817023A2EA5A00A97C77 /* Engine.swift in Sources */,
			);
			runOnlyForDeploymentPostprocessing = 0;
		};
		4CB1D4CA22A7293500786385 /* Sources */ = {
			isa = PBXSourcesBuildPhase;
			buildActionMask = 2147483647;
			files = (
				4CFD817223A42EA000A97C77 /* ConfigurationTests.swift in Sources */,
				4CD270C223BB9375004536D6 /* TTSTests.swift in Sources */,
				4CB965F823D6412900B40F83 /* AboutViewTests.swift in Sources */,
				4C32F1082419765A00BAFB3A /* Calendar+Test.swift in Sources */,
				4C61581B23CCF3E400243A5E /* ConfigurationViewTests.swift in Sources */,
				4CB965F623CE3C8A00B40F83 /* SpeakButtonTests.swift in Sources */,
				4CB1D4D322A7293500786385 /* telltimeTests.swift in Sources */,
				4CD270D823C3AC92004536D6 /* BDD.swift in Sources */,
			);
			runOnlyForDeploymentPostprocessing = 0;
		};
		4CCBFD0623F870CA004EFBD8 /* Sources */ = {
			isa = PBXSourcesBuildPhase;
			buildActionMask = 2147483647;
			files = (
				4CCBFD1023F870CA004EFBD8 /* TodayViewController.swift in Sources */,
			);
			runOnlyForDeploymentPostprocessing = 0;
		};
/* End PBXSourcesBuildPhase section */

/* Begin PBXTargetDependency section */
		4CAE629124367E7500E57FAC /* PBXTargetDependency */ = {
			isa = PBXTargetDependency;
			target = 4CAE627F24367E1F00E57FAC /* SPMLibraries */;
			targetProxy = 4CAE629024367E7500E57FAC /* PBXContainerItemProxy */;
		};
		4CB1D4D022A7293500786385 /* PBXTargetDependency */ = {
			isa = PBXTargetDependency;
			target = 4CB1D4B722A7293300786385 /* telltime */;
			targetProxy = 4CB1D4CF22A7293500786385 /* PBXContainerItemProxy */;
		};
		4CCBFD1623F870CA004EFBD8 /* PBXTargetDependency */ = {
			isa = PBXTargetDependency;
			target = 4CCBFD0923F870CA004EFBD8 /* widget */;
			targetProxy = 4CCBFD1523F870CA004EFBD8 /* PBXContainerItemProxy */;
		};
/* End PBXTargetDependency section */

/* Begin PBXVariantGroup section */
		4CB1D4C622A7293500786385 /* LaunchScreen.storyboard */ = {
			isa = PBXVariantGroup;
			children = (
				4CB1D4C722A7293500786385 /* Base */,
			);
			name = LaunchScreen.storyboard;
			sourceTree = "<group>";
		};
		4CCBFD1123F870CA004EFBD8 /* MainInterface.storyboard */ = {
			isa = PBXVariantGroup;
			children = (
				4CCBFD1223F870CA004EFBD8 /* Base */,
			);
			name = MainInterface.storyboard;
			sourceTree = "<group>";
		};
/* End PBXVariantGroup section */

/* Begin XCBuildConfiguration section */
		4CAE628624367E1F00E57FAC /* Debug */ = {
			isa = XCBuildConfiguration;
			buildSettings = {
				APPLICATION_EXTENSION_API_ONLY = YES;
				CODE_SIGN_STYLE = Automatic;
				CURRENT_PROJECT_VERSION = 1;
				DEFINES_MODULE = YES;
				DEVELOPMENT_TEAM = MBQ98GC8JT;
				DYLIB_COMPATIBILITY_VERSION = 1;
				DYLIB_CURRENT_VERSION = 1;
				DYLIB_INSTALL_NAME_BASE = "@rpath";
				INFOPLIST_FILE = SPMLibraries/Info.plist;
				INSTALL_PATH = "$(LOCAL_LIBRARY_DIR)/Frameworks";
				IPHONEOS_DEPLOYMENT_TARGET = 13.4;
				LD_RUNPATH_SEARCH_PATHS = (
					"$(inherited)",
					"@executable_path/Frameworks",
					"@loader_path/Frameworks",
				);
				MARKETING_VERSION = 1.5.1;
				PRODUCT_BUNDLE_IDENTIFIER = renaud.jenny.SPMLibraries;
				PRODUCT_NAME = "$(TARGET_NAME:c99extidentifier)";
				SKIP_INSTALL = YES;
				SWIFT_VERSION = 5.0;
				TARGETED_DEVICE_FAMILY = "1,2";
				VERSIONING_SYSTEM = "apple-generic";
				VERSION_INFO_PREFIX = "";
			};
			name = Debug;
		};
		4CAE628724367E1F00E57FAC /* Release */ = {
			isa = XCBuildConfiguration;
			buildSettings = {
				APPLICATION_EXTENSION_API_ONLY = YES;
				CODE_SIGN_STYLE = Automatic;
				CURRENT_PROJECT_VERSION = 1;
				DEFINES_MODULE = YES;
				DEVELOPMENT_TEAM = MBQ98GC8JT;
				DYLIB_COMPATIBILITY_VERSION = 1;
				DYLIB_CURRENT_VERSION = 1;
				DYLIB_INSTALL_NAME_BASE = "@rpath";
				INFOPLIST_FILE = SPMLibraries/Info.plist;
				INSTALL_PATH = "$(LOCAL_LIBRARY_DIR)/Frameworks";
				IPHONEOS_DEPLOYMENT_TARGET = 13.4;
				LD_RUNPATH_SEARCH_PATHS = (
					"$(inherited)",
					"@executable_path/Frameworks",
					"@loader_path/Frameworks",
				);
				MARKETING_VERSION = 1.5.1;
				PRODUCT_BUNDLE_IDENTIFIER = renaud.jenny.SPMLibraries;
				PRODUCT_NAME = "$(TARGET_NAME:c99extidentifier)";
				SKIP_INSTALL = YES;
				SWIFT_VERSION = 5.0;
				TARGETED_DEVICE_FAMILY = "1,2";
				VERSIONING_SYSTEM = "apple-generic";
				VERSION_INFO_PREFIX = "";
			};
			name = Release;
		};
		4CB1D4E022A7293500786385 /* Debug */ = {
			isa = XCBuildConfiguration;
			buildSettings = {
				ALWAYS_SEARCH_USER_PATHS = NO;
				CLANG_ANALYZER_NONNULL = YES;
				CLANG_ANALYZER_NUMBER_OBJECT_CONVERSION = YES_AGGRESSIVE;
				CLANG_CXX_LANGUAGE_STANDARD = "gnu++14";
				CLANG_CXX_LIBRARY = "libc++";
				CLANG_ENABLE_MODULES = YES;
				CLANG_ENABLE_OBJC_ARC = YES;
				CLANG_ENABLE_OBJC_WEAK = YES;
				CLANG_WARN_BLOCK_CAPTURE_AUTORELEASING = YES;
				CLANG_WARN_BOOL_CONVERSION = YES;
				CLANG_WARN_COMMA = YES;
				CLANG_WARN_CONSTANT_CONVERSION = YES;
				CLANG_WARN_DEPRECATED_OBJC_IMPLEMENTATIONS = YES;
				CLANG_WARN_DIRECT_OBJC_ISA_USAGE = YES_ERROR;
				CLANG_WARN_DOCUMENTATION_COMMENTS = YES;
				CLANG_WARN_EMPTY_BODY = YES;
				CLANG_WARN_ENUM_CONVERSION = YES;
				CLANG_WARN_INFINITE_RECURSION = YES;
				CLANG_WARN_INT_CONVERSION = YES;
				CLANG_WARN_NON_LITERAL_NULL_CONVERSION = YES;
				CLANG_WARN_OBJC_IMPLICIT_RETAIN_SELF = YES;
				CLANG_WARN_OBJC_LITERAL_CONVERSION = YES;
				CLANG_WARN_OBJC_ROOT_CLASS = YES_ERROR;
				CLANG_WARN_RANGE_LOOP_ANALYSIS = YES;
				CLANG_WARN_STRICT_PROTOTYPES = YES;
				CLANG_WARN_SUSPICIOUS_MOVE = YES;
				CLANG_WARN_UNGUARDED_AVAILABILITY = YES_AGGRESSIVE;
				CLANG_WARN_UNREACHABLE_CODE = YES;
				CLANG_WARN__DUPLICATE_METHOD_MATCH = YES;
				COPY_PHASE_STRIP = NO;
				DEBUG_INFORMATION_FORMAT = dwarf;
				ENABLE_STRICT_OBJC_MSGSEND = YES;
				ENABLE_TESTABILITY = YES;
				GCC_C_LANGUAGE_STANDARD = gnu11;
				GCC_DYNAMIC_NO_PIC = NO;
				GCC_NO_COMMON_BLOCKS = YES;
				GCC_OPTIMIZATION_LEVEL = 0;
				GCC_PREPROCESSOR_DEFINITIONS = (
					"DEBUG=1",
					"$(inherited)",
				);
				GCC_WARN_64_TO_32_BIT_CONVERSION = YES;
				GCC_WARN_ABOUT_RETURN_TYPE = YES_ERROR;
				GCC_WARN_UNDECLARED_SELECTOR = YES;
				GCC_WARN_UNINITIALIZED_AUTOS = YES_AGGRESSIVE;
				GCC_WARN_UNUSED_FUNCTION = YES;
				GCC_WARN_UNUSED_VARIABLE = YES;
				IPHONEOS_DEPLOYMENT_TARGET = 13.0;
				MTL_ENABLE_DEBUG_INFO = INCLUDE_SOURCE;
				MTL_FAST_MATH = YES;
				ONLY_ACTIVE_ARCH = YES;
				SDKROOT = iphoneos;
				SWIFT_ACTIVE_COMPILATION_CONDITIONS = DEBUG;
				SWIFT_OPTIMIZATION_LEVEL = "-Onone";
			};
			name = Debug;
		};
		4CB1D4E122A7293500786385 /* Release */ = {
			isa = XCBuildConfiguration;
			buildSettings = {
				ALWAYS_SEARCH_USER_PATHS = NO;
				CLANG_ANALYZER_NONNULL = YES;
				CLANG_ANALYZER_NUMBER_OBJECT_CONVERSION = YES_AGGRESSIVE;
				CLANG_CXX_LANGUAGE_STANDARD = "gnu++14";
				CLANG_CXX_LIBRARY = "libc++";
				CLANG_ENABLE_MODULES = YES;
				CLANG_ENABLE_OBJC_ARC = YES;
				CLANG_ENABLE_OBJC_WEAK = YES;
				CLANG_WARN_BLOCK_CAPTURE_AUTORELEASING = YES;
				CLANG_WARN_BOOL_CONVERSION = YES;
				CLANG_WARN_COMMA = YES;
				CLANG_WARN_CONSTANT_CONVERSION = YES;
				CLANG_WARN_DEPRECATED_OBJC_IMPLEMENTATIONS = YES;
				CLANG_WARN_DIRECT_OBJC_ISA_USAGE = YES_ERROR;
				CLANG_WARN_DOCUMENTATION_COMMENTS = YES;
				CLANG_WARN_EMPTY_BODY = YES;
				CLANG_WARN_ENUM_CONVERSION = YES;
				CLANG_WARN_INFINITE_RECURSION = YES;
				CLANG_WARN_INT_CONVERSION = YES;
				CLANG_WARN_NON_LITERAL_NULL_CONVERSION = YES;
				CLANG_WARN_OBJC_IMPLICIT_RETAIN_SELF = YES;
				CLANG_WARN_OBJC_LITERAL_CONVERSION = YES;
				CLANG_WARN_OBJC_ROOT_CLASS = YES_ERROR;
				CLANG_WARN_RANGE_LOOP_ANALYSIS = YES;
				CLANG_WARN_STRICT_PROTOTYPES = YES;
				CLANG_WARN_SUSPICIOUS_MOVE = YES;
				CLANG_WARN_UNGUARDED_AVAILABILITY = YES_AGGRESSIVE;
				CLANG_WARN_UNREACHABLE_CODE = YES;
				CLANG_WARN__DUPLICATE_METHOD_MATCH = YES;
				COPY_PHASE_STRIP = NO;
				DEBUG_INFORMATION_FORMAT = "dwarf-with-dsym";
				ENABLE_NS_ASSERTIONS = NO;
				ENABLE_STRICT_OBJC_MSGSEND = YES;
				GCC_C_LANGUAGE_STANDARD = gnu11;
				GCC_NO_COMMON_BLOCKS = YES;
				GCC_WARN_64_TO_32_BIT_CONVERSION = YES;
				GCC_WARN_ABOUT_RETURN_TYPE = YES_ERROR;
				GCC_WARN_UNDECLARED_SELECTOR = YES;
				GCC_WARN_UNINITIALIZED_AUTOS = YES_AGGRESSIVE;
				GCC_WARN_UNUSED_FUNCTION = YES;
				GCC_WARN_UNUSED_VARIABLE = YES;
				IPHONEOS_DEPLOYMENT_TARGET = 13.0;
				MTL_ENABLE_DEBUG_INFO = NO;
				MTL_FAST_MATH = YES;
				SDKROOT = iphoneos;
				SWIFT_COMPILATION_MODE = wholemodule;
				SWIFT_OPTIMIZATION_LEVEL = "-O";
				VALIDATE_PRODUCT = YES;
			};
			name = Release;
		};
		4CB1D4E322A7293500786385 /* Debug */ = {
			isa = XCBuildConfiguration;
			buildSettings = {
				ALWAYS_EMBED_SWIFT_STANDARD_LIBRARIES = YES;
				ASSETCATALOG_COMPILER_APPICON_NAME = AppIcon;
				CODE_SIGN_IDENTITY = "Apple Development";
				CODE_SIGN_STYLE = Automatic;
				DEVELOPMENT_ASSET_PATHS = "telltime/Preview\\ Content";
				DEVELOPMENT_TEAM = MBQ98GC8JT;
				ENABLE_PREVIEWS = YES;
				INFOPLIST_FILE = telltime/Info.plist;
				IPHONEOS_DEPLOYMENT_TARGET = 13.0;
				LD_RUNPATH_SEARCH_PATHS = (
					"$(inherited)",
					"@executable_path/Frameworks",
				);
				MARKETING_VERSION = 1.5.1;
				PRODUCT_BUNDLE_IDENTIFIER = renaud.jenny.telltime;
				PRODUCT_NAME = "Tell Time UK";
				PROVISIONING_PROFILE_SPECIFIER = "";
				SWIFT_VERSION = 5.0;
				TARGETED_DEVICE_FAMILY = "1,2";
			};
			name = Debug;
		};
		4CB1D4E422A7293500786385 /* Release */ = {
			isa = XCBuildConfiguration;
			buildSettings = {
				ALWAYS_EMBED_SWIFT_STANDARD_LIBRARIES = YES;
				ASSETCATALOG_COMPILER_APPICON_NAME = AppIcon;
				CODE_SIGN_IDENTITY = "Apple Development";
				CODE_SIGN_STYLE = Automatic;
				DEVELOPMENT_ASSET_PATHS = "telltime/Preview\\ Content";
				DEVELOPMENT_TEAM = MBQ98GC8JT;
				ENABLE_PREVIEWS = YES;
				INFOPLIST_FILE = telltime/Info.plist;
				IPHONEOS_DEPLOYMENT_TARGET = 13.0;
				LD_RUNPATH_SEARCH_PATHS = (
					"$(inherited)",
					"@executable_path/Frameworks",
				);
				MARKETING_VERSION = 1.5.1;
				PRODUCT_BUNDLE_IDENTIFIER = renaud.jenny.telltime;
				PRODUCT_NAME = "Tell Time UK";
				PROVISIONING_PROFILE_SPECIFIER = "";
				SWIFT_VERSION = 5.0;
				TARGETED_DEVICE_FAMILY = "1,2";
			};
			name = Release;
		};
		4CB1D4E622A7293500786385 /* Debug */ = {
			isa = XCBuildConfiguration;
			buildSettings = {
				ALWAYS_EMBED_SWIFT_STANDARD_LIBRARIES = YES;
				BUNDLE_LOADER = "$(TEST_HOST)";
				CODE_SIGN_STYLE = Automatic;
				DEVELOPMENT_TEAM = MBQ98GC8JT;
				INFOPLIST_FILE = telltimeTests/Info.plist;
				LD_RUNPATH_SEARCH_PATHS = (
					"$(inherited)",
					"@executable_path/Frameworks",
					"@loader_path/Frameworks",
				);
				PRODUCT_BUNDLE_IDENTIFIER = renaud.jenny.telltimeTests;
				PRODUCT_NAME = "$(TARGET_NAME)";
				SWIFT_VERSION = 5.0;
				TARGETED_DEVICE_FAMILY = "1,2";
				TEST_HOST = "$(BUILT_PRODUCTS_DIR)/Tell Time UK.app/Tell Time UK";
			};
			name = Debug;
		};
		4CB1D4E722A7293500786385 /* Release */ = {
			isa = XCBuildConfiguration;
			buildSettings = {
				ALWAYS_EMBED_SWIFT_STANDARD_LIBRARIES = YES;
				BUNDLE_LOADER = "$(TEST_HOST)";
				CODE_SIGN_STYLE = Automatic;
				DEVELOPMENT_TEAM = MBQ98GC8JT;
				INFOPLIST_FILE = telltimeTests/Info.plist;
				LD_RUNPATH_SEARCH_PATHS = (
					"$(inherited)",
					"@executable_path/Frameworks",
					"@loader_path/Frameworks",
				);
				PRODUCT_BUNDLE_IDENTIFIER = renaud.jenny.telltimeTests;
				PRODUCT_NAME = "$(TARGET_NAME)";
				SWIFT_VERSION = 5.0;
				TARGETED_DEVICE_FAMILY = "1,2";
				TEST_HOST = "$(BUILT_PRODUCTS_DIR)/Tell Time UK.app/Tell Time UK";
			};
			name = Release;
		};
		4CCBFD1923F870CA004EFBD8 /* Debug */ = {
			isa = XCBuildConfiguration;
			buildSettings = {
				CODE_SIGN_IDENTITY = "Apple Development";
				CODE_SIGN_STYLE = Automatic;
				DEVELOPMENT_TEAM = MBQ98GC8JT;
				INFOPLIST_FILE = widget/Info.plist;
				IPHONEOS_DEPLOYMENT_TARGET = 13.2;
				LD_RUNPATH_SEARCH_PATHS = (
					"$(inherited)",
					"@executable_path/Frameworks",
					"@executable_path/../../Frameworks",
				);
				MARKETING_VERSION = 1.5.1;
				PRODUCT_BUNDLE_IDENTIFIER = renaud.jenny.telltime.widget;
				PRODUCT_NAME = "$(TARGET_NAME)";
				SKIP_INSTALL = YES;
				SWIFT_VERSION = 5.0;
				TARGETED_DEVICE_FAMILY = "1,2";
			};
			name = Debug;
		};
		4CCBFD1A23F870CA004EFBD8 /* Release */ = {
			isa = XCBuildConfiguration;
			buildSettings = {
				CODE_SIGN_IDENTITY = "Apple Development";
				CODE_SIGN_STYLE = Automatic;
				DEVELOPMENT_TEAM = MBQ98GC8JT;
				INFOPLIST_FILE = widget/Info.plist;
				IPHONEOS_DEPLOYMENT_TARGET = 13.2;
				LD_RUNPATH_SEARCH_PATHS = (
					"$(inherited)",
					"@executable_path/Frameworks",
					"@executable_path/../../Frameworks",
				);
				MARKETING_VERSION = 1.5.1;
				PRODUCT_BUNDLE_IDENTIFIER = renaud.jenny.telltime.widget;
				PRODUCT_NAME = "$(TARGET_NAME)";
				SKIP_INSTALL = YES;
				SWIFT_VERSION = 5.0;
				TARGETED_DEVICE_FAMILY = "1,2";
			};
			name = Release;
		};
/* End XCBuildConfiguration section */

/* Begin XCConfigurationList section */
		4CAE628524367E1F00E57FAC /* Build configuration list for PBXNativeTarget "SPMLibraries" */ = {
			isa = XCConfigurationList;
			buildConfigurations = (
				4CAE628624367E1F00E57FAC /* Debug */,
				4CAE628724367E1F00E57FAC /* Release */,
			);
			defaultConfigurationIsVisible = 0;
			defaultConfigurationName = Release;
		};
		4CB1D4B322A7293300786385 /* Build configuration list for PBXProject "telltime" */ = {
			isa = XCConfigurationList;
			buildConfigurations = (
				4CB1D4E022A7293500786385 /* Debug */,
				4CB1D4E122A7293500786385 /* Release */,
			);
			defaultConfigurationIsVisible = 0;
			defaultConfigurationName = Release;
		};
		4CB1D4E222A7293500786385 /* Build configuration list for PBXNativeTarget "telltime" */ = {
			isa = XCConfigurationList;
			buildConfigurations = (
				4CB1D4E322A7293500786385 /* Debug */,
				4CB1D4E422A7293500786385 /* Release */,
			);
			defaultConfigurationIsVisible = 0;
			defaultConfigurationName = Release;
		};
		4CB1D4E522A7293500786385 /* Build configuration list for PBXNativeTarget "telltimeTests" */ = {
			isa = XCConfigurationList;
			buildConfigurations = (
				4CB1D4E622A7293500786385 /* Debug */,
				4CB1D4E722A7293500786385 /* Release */,
			);
			defaultConfigurationIsVisible = 0;
			defaultConfigurationName = Release;
		};
		4CCBFD1B23F870CA004EFBD8 /* Build configuration list for PBXNativeTarget "widget" */ = {
			isa = XCConfigurationList;
			buildConfigurations = (
				4CCBFD1923F870CA004EFBD8 /* Debug */,
				4CCBFD1A23F870CA004EFBD8 /* Release */,
			);
			defaultConfigurationIsVisible = 0;
			defaultConfigurationName = Release;
		};
/* End XCConfigurationList section */

/* Begin XCRemoteSwiftPackageReference section */
		4C3B32EB242BCE5300D17D70 /* XCRemoteSwiftPackageReference "SwiftPastTen" */ = {
			isa = XCRemoteSwiftPackageReference;
			repositoryURL = "https://github.com/renaudjenny/SwiftPastTen";
			requirement = {
				kind = upToNextMajorVersion;
				minimumVersion = 1.0.0;
			};
		};
		4C3B32EE242BD11700D17D70 /* XCRemoteSwiftPackageReference "SwiftClockUI" */ = {
			isa = XCRemoteSwiftPackageReference;
			repositoryURL = "https://github.com/renaudjenny/SwiftClockUI";
			requirement = {
				kind = upToNextMinorVersion;
				minimumVersion = 0.0.10;
			};
		};
		4CAE627A24367DB100E57FAC /* XCRemoteSwiftPackageReference "swift-snapshot-testing" */ = {
			isa = XCRemoteSwiftPackageReference;
			repositoryURL = "https://github.com/pointfreeco/swift-snapshot-testing.git";
			requirement = {
				kind = upToNextMajorVersion;
				minimumVersion = 1.7.2;
			};
		};
/* End XCRemoteSwiftPackageReference section */

/* Begin XCSwiftPackageProductDependency section */
		4C474A40243702CA00DDD53C /* SnapshotTesting */ = {
			isa = XCSwiftPackageProductDependency;
			package = 4CAE627A24367DB100E57FAC /* XCRemoteSwiftPackageReference "swift-snapshot-testing" */;
			productName = SnapshotTesting;
		};
		4CAE628824367E5300E57FAC /* SwiftPastTen */ = {
			isa = XCSwiftPackageProductDependency;
			package = 4C3B32EB242BCE5300D17D70 /* XCRemoteSwiftPackageReference "SwiftPastTen" */;
			productName = SwiftPastTen;
		};
		4CAE628A24367E5300E57FAC /* SwiftClockUI */ = {
			isa = XCSwiftPackageProductDependency;
			package = 4C3B32EE242BD11700D17D70 /* XCRemoteSwiftPackageReference "SwiftClockUI" */;
			productName = SwiftClockUI;
		};
/* End XCSwiftPackageProductDependency section */
	};
	rootObject = 4CB1D4B022A7293300786385 /* Project object */;
}
